
Microsoft Visual Studio Solution File, Format Version 12.00
# Visual Studio 15
VisualStudioVersion = 15.0.28307.1525
MinimumVisualStudioVersion = 10.0.40219.1
Project("{2150E333-8FDC-42A3-9474-1A3956D46DE8}") = ".nuget", ".nuget", "{99125294-AE11-42C5-82B3-EEF42F6A1EC5}"
	ProjectSection(SolutionItems) = preProject
		.nuget\packages.config = .nuget\packages.config
	EndProjectSection
EndProject
Project("{2150E333-8FDC-42A3-9474-1A3956D46DE8}") = "BulkInsert", "BulkInsert", "{C3DC5465-C8EA-4BAE-97CA-57C41B113884}"
EndProject
Project("{FAE04EC0-301F-11D3-BF4B-00C04F79EFBC}") = "Intelligent.OTC.Domain", "Intelligent.OTC.Domain\Intelligent.OTC.Domain.csproj", "{6D2D0FCE-DCBE-469D-B848-B3DD6661F865}"
EndProject
Project("{FAE04EC0-301F-11D3-BF4B-00C04F79EFBC}") = "Intelligent.OTC.Common", "Intelligent.OTC.Common\Intelligent.OTC.Common.csproj", "{185F1FF0-CD4B-4EE7-8883-40D25619B71E}"
EndProject
Project("{FAE04EC0-301F-11D3-BF4B-00C04F79EFBC}") = "Intelligent.OTC.Business", "Intelligent.OTC.Business\Intelligent.OTC.Business.csproj", "{1FA87E00-7C94-48BE-B3DD-D58D09A3EBCF}"
EndProject
Project("{FAE04EC0-301F-11D3-BF4B-00C04F79EFBC}") = "Intelligent.OTC.WebApi", "Intelligent.OTC.WebApi\Intelligent.OTC.WebApi.csproj", "{163C7593-1B4E-4539-B78E-7E7B08E25296}"
EndProject
Project("{FAE04EC0-301F-11D3-BF4B-00C04F79EFBC}") = "EntityFramework.MappingAPI", "Bulkinsert\EntityFramework.MappingAPI\EntityFramework.MappingAPI.csproj", "{609BE91A-F11B-49BC-98D9-F7C83517A59E}"
EndProject
Project("{FAE04EC0-301F-11D3-BF4B-00C04F79EFBC}") = "EntityFramework.BulkInsert.Net40", "Bulkinsert\EntityFramework.BulkInsert\EntityFramework.BulkInsert.Net40.csproj", "{B4390E6F-B8F1-4C18-8EE7-D09A52EBC601}"
EndProject
Project("{FAE04EC0-301F-11D3-BF4B-00C04F79EFBC}") = "Intelligent.OTC.MailService", "Intelligent.OTC.MailService\Intelligent.OTC.MailService.csproj", "{508268D2-B377-4762-9E0F-4F633F81CDC4}"
EndProject
Project("{FAE04EC0-301F-11D3-BF4B-00C04F79EFBC}") = "Intelligent.OTC.TimerJob", "Intelligent.OTC.TimerJob\Intelligent.OTC.TimerJob.csproj", "{4BC8A417-94F7-4760-8CD4-F9451266233F}"
EndProject
Project("{FAE04EC0-301F-11D3-BF4B-00C04F79EFBC}") = "Intelligent.OTC.Job", "Intelligent.OTC.Job\Intelligent.OTC.Job.csproj", "{0B28C301-E85C-4F26-8061-7BC76D4E620E}"
EndProject
Project("{FAE04EC0-301F-11D3-BF4B-00C04F79EFBC}") = "Intelligent.OTC.RemoteScheduler", "Intelligent.OTC.RemoteScheduler\Intelligent.OTC.RemoteScheduler.csproj", "{A902CAF5-66A1-4F5B-BA1B-8512203D51CA}"
EndProject
Project("{2150E333-8FDC-42A3-9474-1A3956D46DE8}") = "Solution Items", "Solution Items", "{C9F6B445-BB83-4196-8058-6233F3C01BC5}"
EndProject
Global
	GlobalSection(SolutionConfigurationPlatforms) = preSolution
		Debug|Any CPU = Debug|Any CPU
		Debug|Mixed Platforms = Debug|Mixed Platforms
		Debug|x86 = Debug|x86
		NET40_EF4.1.10311|Any CPU = NET40_EF4.1.10311|Any CPU
		NET40_EF4.1.10311|Mixed Platforms = NET40_EF4.1.10311|Mixed Platforms
		NET40_EF4.1.10311|x86 = NET40_EF4.1.10311|x86
		NET40_EF4.1.10331|Any CPU = NET40_EF4.1.10331|Any CPU
		NET40_EF4.1.10331|Mixed Platforms = NET40_EF4.1.10331|Mixed Platforms
		NET40_EF4.1.10331|x86 = NET40_EF4.1.10331|x86
		NET40_EF4.1.10715|Any CPU = NET40_EF4.1.10715|Any CPU
		NET40_EF4.1.10715|Mixed Platforms = NET40_EF4.1.10715|Mixed Platforms
		NET40_EF4.1.10715|x86 = NET40_EF4.1.10715|x86
		NET40_EF4.2.0|Any CPU = NET40_EF4.2.0|Any CPU
		NET40_EF4.2.0|Mixed Platforms = NET40_EF4.2.0|Mixed Platforms
		NET40_EF4.2.0|x86 = NET40_EF4.2.0|x86
		NET40_EF4.3.0|Any CPU = NET40_EF4.3.0|Any CPU
		NET40_EF4.3.0|Mixed Platforms = NET40_EF4.3.0|Mixed Platforms
		NET40_EF4.3.0|x86 = NET40_EF4.3.0|x86
		NET40_EF4.3.1|Any CPU = NET40_EF4.3.1|Any CPU
		NET40_EF4.3.1|Mixed Platforms = NET40_EF4.3.1|Mixed Platforms
		NET40_EF4.3.1|x86 = NET40_EF4.3.1|x86
		NET40_EF4|Any CPU = NET40_EF4|Any CPU
		NET40_EF4|Mixed Platforms = NET40_EF4|Mixed Platforms
		NET40_EF4|x86 = NET40_EF4|x86
		NET40_EF5.0.0|Any CPU = NET40_EF5.0.0|Any CPU
		NET40_EF5.0.0|Mixed Platforms = NET40_EF5.0.0|Mixed Platforms
		NET40_EF5.0.0|x86 = NET40_EF5.0.0|x86
		NET40_EF5|Any CPU = NET40_EF5|Any CPU
		NET40_EF5|Mixed Platforms = NET40_EF5|Mixed Platforms
		NET40_EF5|x86 = NET40_EF5|x86
		NET40_EF6.0.0|Any CPU = NET40_EF6.0.0|Any CPU
		NET40_EF6.0.0|Mixed Platforms = NET40_EF6.0.0|Mixed Platforms
		NET40_EF6.0.0|x86 = NET40_EF6.0.0|x86
		NET40_EF6.0.1|Any CPU = NET40_EF6.0.1|Any CPU
		NET40_EF6.0.1|Mixed Platforms = NET40_EF6.0.1|Mixed Platforms
		NET40_EF6.0.1|x86 = NET40_EF6.0.1|x86
		NET40_EF6.0.2|Any CPU = NET40_EF6.0.2|Any CPU
		NET40_EF6.0.2|Mixed Platforms = NET40_EF6.0.2|Mixed Platforms
		NET40_EF6.0.2|x86 = NET40_EF6.0.2|x86
		NET40_EF6.1.0|Any CPU = NET40_EF6.1.0|Any CPU
		NET40_EF6.1.0|Mixed Platforms = NET40_EF6.1.0|Mixed Platforms
		NET40_EF6.1.0|x86 = NET40_EF6.1.0|x86
		NET40_EF6.1.1|Any CPU = NET40_EF6.1.1|Any CPU
		NET40_EF6.1.1|Mixed Platforms = NET40_EF6.1.1|Mixed Platforms
		NET40_EF6.1.1|x86 = NET40_EF6.1.1|x86
		NET40_EF6|Any CPU = NET40_EF6|Any CPU
		NET40_EF6|Mixed Platforms = NET40_EF6|Mixed Platforms
		NET40_EF6|x86 = NET40_EF6|x86
		Release|Any CPU = Release|Any CPU
		Release|Mixed Platforms = Release|Mixed Platforms
		Release|x86 = Release|x86
	EndGlobalSection
	GlobalSection(ProjectConfigurationPlatforms) = postSolution
		{6D2D0FCE-DCBE-469D-B848-B3DD6661F865}.Debug|Any CPU.ActiveCfg = Debug|Any CPU
		{6D2D0FCE-DCBE-469D-B848-B3DD6661F865}.Debug|Any CPU.Build.0 = Debug|Any CPU
		{6D2D0FCE-DCBE-469D-B848-B3DD6661F865}.Debug|Mixed Platforms.ActiveCfg = Debug|Any CPU
		{6D2D0FCE-DCBE-469D-B848-B3DD6661F865}.Debug|Mixed Platforms.Build.0 = Debug|Any CPU
		{6D2D0FCE-DCBE-469D-B848-B3DD6661F865}.Debug|x86.ActiveCfg = Debug|Any CPU
		{6D2D0FCE-DCBE-469D-B848-B3DD6661F865}.NET40_EF4.1.10311|Any CPU.ActiveCfg = Release|Any CPU
		{6D2D0FCE-DCBE-469D-B848-B3DD6661F865}.NET40_EF4.1.10311|Any CPU.Build.0 = Release|Any CPU
		{6D2D0FCE-DCBE-469D-B848-B3DD6661F865}.NET40_EF4.1.10311|Mixed Platforms.ActiveCfg = Release|Any CPU
		{6D2D0FCE-DCBE-469D-B848-B3DD6661F865}.NET40_EF4.1.10311|Mixed Platforms.Build.0 = Release|Any CPU
		{6D2D0FCE-DCBE-469D-B848-B3DD6661F865}.NET40_EF4.1.10311|x86.ActiveCfg = Release|Any CPU
		{6D2D0FCE-DCBE-469D-B848-B3DD6661F865}.NET40_EF4.1.10331|Any CPU.ActiveCfg = Release|Any CPU
		{6D2D0FCE-DCBE-469D-B848-B3DD6661F865}.NET40_EF4.1.10331|Any CPU.Build.0 = Release|Any CPU
		{6D2D0FCE-DCBE-469D-B848-B3DD6661F865}.NET40_EF4.1.10331|Mixed Platforms.ActiveCfg = Release|Any CPU
		{6D2D0FCE-DCBE-469D-B848-B3DD6661F865}.NET40_EF4.1.10331|Mixed Platforms.Build.0 = Release|Any CPU
		{6D2D0FCE-DCBE-469D-B848-B3DD6661F865}.NET40_EF4.1.10331|x86.ActiveCfg = Release|Any CPU
		{6D2D0FCE-DCBE-469D-B848-B3DD6661F865}.NET40_EF4.1.10715|Any CPU.ActiveCfg = Release|Any CPU
		{6D2D0FCE-DCBE-469D-B848-B3DD6661F865}.NET40_EF4.1.10715|Any CPU.Build.0 = Release|Any CPU
		{6D2D0FCE-DCBE-469D-B848-B3DD6661F865}.NET40_EF4.1.10715|Mixed Platforms.ActiveCfg = Release|Any CPU
		{6D2D0FCE-DCBE-469D-B848-B3DD6661F865}.NET40_EF4.1.10715|Mixed Platforms.Build.0 = Release|Any CPU
		{6D2D0FCE-DCBE-469D-B848-B3DD6661F865}.NET40_EF4.1.10715|x86.ActiveCfg = Release|Any CPU
		{6D2D0FCE-DCBE-469D-B848-B3DD6661F865}.NET40_EF4.2.0|Any CPU.ActiveCfg = Release|Any CPU
		{6D2D0FCE-DCBE-469D-B848-B3DD6661F865}.NET40_EF4.2.0|Any CPU.Build.0 = Release|Any CPU
		{6D2D0FCE-DCBE-469D-B848-B3DD6661F865}.NET40_EF4.2.0|Mixed Platforms.ActiveCfg = Release|Any CPU
		{6D2D0FCE-DCBE-469D-B848-B3DD6661F865}.NET40_EF4.2.0|Mixed Platforms.Build.0 = Release|Any CPU
		{6D2D0FCE-DCBE-469D-B848-B3DD6661F865}.NET40_EF4.2.0|x86.ActiveCfg = Release|Any CPU
		{6D2D0FCE-DCBE-469D-B848-B3DD6661F865}.NET40_EF4.3.0|Any CPU.ActiveCfg = Release|Any CPU
		{6D2D0FCE-DCBE-469D-B848-B3DD6661F865}.NET40_EF4.3.0|Any CPU.Build.0 = Release|Any CPU
		{6D2D0FCE-DCBE-469D-B848-B3DD6661F865}.NET40_EF4.3.0|Mixed Platforms.ActiveCfg = Release|Any CPU
		{6D2D0FCE-DCBE-469D-B848-B3DD6661F865}.NET40_EF4.3.0|Mixed Platforms.Build.0 = Release|Any CPU
		{6D2D0FCE-DCBE-469D-B848-B3DD6661F865}.NET40_EF4.3.0|x86.ActiveCfg = Release|Any CPU
		{6D2D0FCE-DCBE-469D-B848-B3DD6661F865}.NET40_EF4.3.1|Any CPU.ActiveCfg = Release|Any CPU
		{6D2D0FCE-DCBE-469D-B848-B3DD6661F865}.NET40_EF4.3.1|Any CPU.Build.0 = Release|Any CPU
		{6D2D0FCE-DCBE-469D-B848-B3DD6661F865}.NET40_EF4.3.1|Mixed Platforms.ActiveCfg = Release|Any CPU
		{6D2D0FCE-DCBE-469D-B848-B3DD6661F865}.NET40_EF4.3.1|Mixed Platforms.Build.0 = Release|Any CPU
		{6D2D0FCE-DCBE-469D-B848-B3DD6661F865}.NET40_EF4.3.1|x86.ActiveCfg = Release|Any CPU
		{6D2D0FCE-DCBE-469D-B848-B3DD6661F865}.NET40_EF4|Any CPU.ActiveCfg = Release|Any CPU
		{6D2D0FCE-DCBE-469D-B848-B3DD6661F865}.NET40_EF4|Any CPU.Build.0 = Release|Any CPU
		{6D2D0FCE-DCBE-469D-B848-B3DD6661F865}.NET40_EF4|Mixed Platforms.ActiveCfg = Release|Any CPU
		{6D2D0FCE-DCBE-469D-B848-B3DD6661F865}.NET40_EF4|Mixed Platforms.Build.0 = Release|Any CPU
		{6D2D0FCE-DCBE-469D-B848-B3DD6661F865}.NET40_EF4|x86.ActiveCfg = Release|Any CPU
		{6D2D0FCE-DCBE-469D-B848-B3DD6661F865}.NET40_EF5.0.0|Any CPU.ActiveCfg = Release|Any CPU
		{6D2D0FCE-DCBE-469D-B848-B3DD6661F865}.NET40_EF5.0.0|Any CPU.Build.0 = Release|Any CPU
		{6D2D0FCE-DCBE-469D-B848-B3DD6661F865}.NET40_EF5.0.0|Mixed Platforms.ActiveCfg = Release|Any CPU
		{6D2D0FCE-DCBE-469D-B848-B3DD6661F865}.NET40_EF5.0.0|Mixed Platforms.Build.0 = Release|Any CPU
		{6D2D0FCE-DCBE-469D-B848-B3DD6661F865}.NET40_EF5.0.0|x86.ActiveCfg = Release|Any CPU
		{6D2D0FCE-DCBE-469D-B848-B3DD6661F865}.NET40_EF5|Any CPU.ActiveCfg = Release|Any CPU
		{6D2D0FCE-DCBE-469D-B848-B3DD6661F865}.NET40_EF5|Any CPU.Build.0 = Release|Any CPU
		{6D2D0FCE-DCBE-469D-B848-B3DD6661F865}.NET40_EF5|Mixed Platforms.ActiveCfg = Release|Any CPU
		{6D2D0FCE-DCBE-469D-B848-B3DD6661F865}.NET40_EF5|Mixed Platforms.Build.0 = Release|Any CPU
		{6D2D0FCE-DCBE-469D-B848-B3DD6661F865}.NET40_EF5|x86.ActiveCfg = Release|Any CPU
		{6D2D0FCE-DCBE-469D-B848-B3DD6661F865}.NET40_EF6.0.0|Any CPU.ActiveCfg = Release|Any CPU
		{6D2D0FCE-DCBE-469D-B848-B3DD6661F865}.NET40_EF6.0.0|Any CPU.Build.0 = Release|Any CPU
		{6D2D0FCE-DCBE-469D-B848-B3DD6661F865}.NET40_EF6.0.0|Mixed Platforms.ActiveCfg = Release|Any CPU
		{6D2D0FCE-DCBE-469D-B848-B3DD6661F865}.NET40_EF6.0.0|Mixed Platforms.Build.0 = Release|Any CPU
		{6D2D0FCE-DCBE-469D-B848-B3DD6661F865}.NET40_EF6.0.0|x86.ActiveCfg = Release|Any CPU
		{6D2D0FCE-DCBE-469D-B848-B3DD6661F865}.NET40_EF6.0.1|Any CPU.ActiveCfg = Release|Any CPU
		{6D2D0FCE-DCBE-469D-B848-B3DD6661F865}.NET40_EF6.0.1|Any CPU.Build.0 = Release|Any CPU
		{6D2D0FCE-DCBE-469D-B848-B3DD6661F865}.NET40_EF6.0.1|Mixed Platforms.ActiveCfg = Release|Any CPU
		{6D2D0FCE-DCBE-469D-B848-B3DD6661F865}.NET40_EF6.0.1|Mixed Platforms.Build.0 = Release|Any CPU
		{6D2D0FCE-DCBE-469D-B848-B3DD6661F865}.NET40_EF6.0.1|x86.ActiveCfg = Release|Any CPU
		{6D2D0FCE-DCBE-469D-B848-B3DD6661F865}.NET40_EF6.0.2|Any CPU.ActiveCfg = Release|Any CPU
		{6D2D0FCE-DCBE-469D-B848-B3DD6661F865}.NET40_EF6.0.2|Any CPU.Build.0 = Release|Any CPU
		{6D2D0FCE-DCBE-469D-B848-B3DD6661F865}.NET40_EF6.0.2|Mixed Platforms.ActiveCfg = Release|Any CPU
		{6D2D0FCE-DCBE-469D-B848-B3DD6661F865}.NET40_EF6.0.2|Mixed Platforms.Build.0 = Release|Any CPU
		{6D2D0FCE-DCBE-469D-B848-B3DD6661F865}.NET40_EF6.0.2|x86.ActiveCfg = Release|Any CPU
		{6D2D0FCE-DCBE-469D-B848-B3DD6661F865}.NET40_EF6.1.0|Any CPU.ActiveCfg = Release|Any CPU
		{6D2D0FCE-DCBE-469D-B848-B3DD6661F865}.NET40_EF6.1.0|Any CPU.Build.0 = Release|Any CPU
		{6D2D0FCE-DCBE-469D-B848-B3DD6661F865}.NET40_EF6.1.0|Mixed Platforms.ActiveCfg = Release|Any CPU
		{6D2D0FCE-DCBE-469D-B848-B3DD6661F865}.NET40_EF6.1.0|Mixed Platforms.Build.0 = Release|Any CPU
		{6D2D0FCE-DCBE-469D-B848-B3DD6661F865}.NET40_EF6.1.0|x86.ActiveCfg = Release|Any CPU
		{6D2D0FCE-DCBE-469D-B848-B3DD6661F865}.NET40_EF6.1.1|Any CPU.ActiveCfg = Release|Any CPU
		{6D2D0FCE-DCBE-469D-B848-B3DD6661F865}.NET40_EF6.1.1|Any CPU.Build.0 = Release|Any CPU
		{6D2D0FCE-DCBE-469D-B848-B3DD6661F865}.NET40_EF6.1.1|Mixed Platforms.ActiveCfg = Release|Any CPU
		{6D2D0FCE-DCBE-469D-B848-B3DD6661F865}.NET40_EF6.1.1|Mixed Platforms.Build.0 = Release|Any CPU
		{6D2D0FCE-DCBE-469D-B848-B3DD6661F865}.NET40_EF6.1.1|x86.ActiveCfg = Release|Any CPU
		{6D2D0FCE-DCBE-469D-B848-B3DD6661F865}.NET40_EF6|Any CPU.ActiveCfg = Release|Any CPU
		{6D2D0FCE-DCBE-469D-B848-B3DD6661F865}.NET40_EF6|Any CPU.Build.0 = Release|Any CPU
		{6D2D0FCE-DCBE-469D-B848-B3DD6661F865}.NET40_EF6|Mixed Platforms.ActiveCfg = Release|Any CPU
		{6D2D0FCE-DCBE-469D-B848-B3DD6661F865}.NET40_EF6|Mixed Platforms.Build.0 = Release|Any CPU
		{6D2D0FCE-DCBE-469D-B848-B3DD6661F865}.NET40_EF6|x86.ActiveCfg = Release|Any CPU
		{6D2D0FCE-DCBE-469D-B848-B3DD6661F865}.Release|Any CPU.ActiveCfg = Release|Any CPU
		{6D2D0FCE-DCBE-469D-B848-B3DD6661F865}.Release|Any CPU.Build.0 = Release|Any CPU
		{6D2D0FCE-DCBE-469D-B848-B3DD6661F865}.Release|Mixed Platforms.ActiveCfg = Release|Any CPU
		{6D2D0FCE-DCBE-469D-B848-B3DD6661F865}.Release|Mixed Platforms.Build.0 = Release|Any CPU
		{6D2D0FCE-DCBE-469D-B848-B3DD6661F865}.Release|x86.ActiveCfg = Release|Any CPU
		{185F1FF0-CD4B-4EE7-8883-40D25619B71E}.Debug|Any CPU.ActiveCfg = Debug|Any CPU
		{185F1FF0-CD4B-4EE7-8883-40D25619B71E}.Debug|Any CPU.Build.0 = Debug|Any CPU
		{185F1FF0-CD4B-4EE7-8883-40D25619B71E}.Debug|Mixed Platforms.ActiveCfg = Debug|Any CPU
		{185F1FF0-CD4B-4EE7-8883-40D25619B71E}.Debug|Mixed Platforms.Build.0 = Debug|Any CPU
		{185F1FF0-CD4B-4EE7-8883-40D25619B71E}.Debug|x86.ActiveCfg = Debug|Any CPU
		{185F1FF0-CD4B-4EE7-8883-40D25619B71E}.NET40_EF4.1.10311|Any CPU.ActiveCfg = Release|Any CPU
		{185F1FF0-CD4B-4EE7-8883-40D25619B71E}.NET40_EF4.1.10311|Any CPU.Build.0 = Release|Any CPU
		{185F1FF0-CD4B-4EE7-8883-40D25619B71E}.NET40_EF4.1.10311|Mixed Platforms.ActiveCfg = Release|Any CPU
		{185F1FF0-CD4B-4EE7-8883-40D25619B71E}.NET40_EF4.1.10311|Mixed Platforms.Build.0 = Release|Any CPU
		{185F1FF0-CD4B-4EE7-8883-40D25619B71E}.NET40_EF4.1.10311|x86.ActiveCfg = Release|Any CPU
		{185F1FF0-CD4B-4EE7-8883-40D25619B71E}.NET40_EF4.1.10331|Any CPU.ActiveCfg = Release|Any CPU
		{185F1FF0-CD4B-4EE7-8883-40D25619B71E}.NET40_EF4.1.10331|Any CPU.Build.0 = Release|Any CPU
		{185F1FF0-CD4B-4EE7-8883-40D25619B71E}.NET40_EF4.1.10331|Mixed Platforms.ActiveCfg = Release|Any CPU
		{185F1FF0-CD4B-4EE7-8883-40D25619B71E}.NET40_EF4.1.10331|Mixed Platforms.Build.0 = Release|Any CPU
		{185F1FF0-CD4B-4EE7-8883-40D25619B71E}.NET40_EF4.1.10331|x86.ActiveCfg = Release|Any CPU
		{185F1FF0-CD4B-4EE7-8883-40D25619B71E}.NET40_EF4.1.10715|Any CPU.ActiveCfg = Release|Any CPU
		{185F1FF0-CD4B-4EE7-8883-40D25619B71E}.NET40_EF4.1.10715|Any CPU.Build.0 = Release|Any CPU
		{185F1FF0-CD4B-4EE7-8883-40D25619B71E}.NET40_EF4.1.10715|Mixed Platforms.ActiveCfg = Release|Any CPU
		{185F1FF0-CD4B-4EE7-8883-40D25619B71E}.NET40_EF4.1.10715|Mixed Platforms.Build.0 = Release|Any CPU
		{185F1FF0-CD4B-4EE7-8883-40D25619B71E}.NET40_EF4.1.10715|x86.ActiveCfg = Release|Any CPU
		{185F1FF0-CD4B-4EE7-8883-40D25619B71E}.NET40_EF4.2.0|Any CPU.ActiveCfg = Release|Any CPU
		{185F1FF0-CD4B-4EE7-8883-40D25619B71E}.NET40_EF4.2.0|Any CPU.Build.0 = Release|Any CPU
		{185F1FF0-CD4B-4EE7-8883-40D25619B71E}.NET40_EF4.2.0|Mixed Platforms.ActiveCfg = Release|Any CPU
		{185F1FF0-CD4B-4EE7-8883-40D25619B71E}.NET40_EF4.2.0|Mixed Platforms.Build.0 = Release|Any CPU
		{185F1FF0-CD4B-4EE7-8883-40D25619B71E}.NET40_EF4.2.0|x86.ActiveCfg = Release|Any CPU
		{185F1FF0-CD4B-4EE7-8883-40D25619B71E}.NET40_EF4.3.0|Any CPU.ActiveCfg = Release|Any CPU
		{185F1FF0-CD4B-4EE7-8883-40D25619B71E}.NET40_EF4.3.0|Any CPU.Build.0 = Release|Any CPU
		{185F1FF0-CD4B-4EE7-8883-40D25619B71E}.NET40_EF4.3.0|Mixed Platforms.ActiveCfg = Release|Any CPU
		{185F1FF0-CD4B-4EE7-8883-40D25619B71E}.NET40_EF4.3.0|Mixed Platforms.Build.0 = Release|Any CPU
		{185F1FF0-CD4B-4EE7-8883-40D25619B71E}.NET40_EF4.3.0|x86.ActiveCfg = Release|Any CPU
		{185F1FF0-CD4B-4EE7-8883-40D25619B71E}.NET40_EF4.3.1|Any CPU.ActiveCfg = Release|Any CPU
		{185F1FF0-CD4B-4EE7-8883-40D25619B71E}.NET40_EF4.3.1|Any CPU.Build.0 = Release|Any CPU
		{185F1FF0-CD4B-4EE7-8883-40D25619B71E}.NET40_EF4.3.1|Mixed Platforms.ActiveCfg = Release|Any CPU
		{185F1FF0-CD4B-4EE7-8883-40D25619B71E}.NET40_EF4.3.1|Mixed Platforms.Build.0 = Release|Any CPU
		{185F1FF0-CD4B-4EE7-8883-40D25619B71E}.NET40_EF4.3.1|x86.ActiveCfg = Release|Any CPU
		{185F1FF0-CD4B-4EE7-8883-40D25619B71E}.NET40_EF4|Any CPU.ActiveCfg = Release|Any CPU
		{185F1FF0-CD4B-4EE7-8883-40D25619B71E}.NET40_EF4|Any CPU.Build.0 = Release|Any CPU
		{185F1FF0-CD4B-4EE7-8883-40D25619B71E}.NET40_EF4|Mixed Platforms.ActiveCfg = Release|Any CPU
		{185F1FF0-CD4B-4EE7-8883-40D25619B71E}.NET40_EF4|Mixed Platforms.Build.0 = Release|Any CPU
		{185F1FF0-CD4B-4EE7-8883-40D25619B71E}.NET40_EF4|x86.ActiveCfg = Release|Any CPU
		{185F1FF0-CD4B-4EE7-8883-40D25619B71E}.NET40_EF5.0.0|Any CPU.ActiveCfg = Release|Any CPU
		{185F1FF0-CD4B-4EE7-8883-40D25619B71E}.NET40_EF5.0.0|Any CPU.Build.0 = Release|Any CPU
		{185F1FF0-CD4B-4EE7-8883-40D25619B71E}.NET40_EF5.0.0|Mixed Platforms.ActiveCfg = Release|Any CPU
		{185F1FF0-CD4B-4EE7-8883-40D25619B71E}.NET40_EF5.0.0|Mixed Platforms.Build.0 = Release|Any CPU
		{185F1FF0-CD4B-4EE7-8883-40D25619B71E}.NET40_EF5.0.0|x86.ActiveCfg = Release|Any CPU
		{185F1FF0-CD4B-4EE7-8883-40D25619B71E}.NET40_EF5|Any CPU.ActiveCfg = Release|Any CPU
		{185F1FF0-CD4B-4EE7-8883-40D25619B71E}.NET40_EF5|Any CPU.Build.0 = Release|Any CPU
		{185F1FF0-CD4B-4EE7-8883-40D25619B71E}.NET40_EF5|Mixed Platforms.ActiveCfg = Release|Any CPU
		{185F1FF0-CD4B-4EE7-8883-40D25619B71E}.NET40_EF5|Mixed Platforms.Build.0 = Release|Any CPU
		{185F1FF0-CD4B-4EE7-8883-40D25619B71E}.NET40_EF5|x86.ActiveCfg = Release|Any CPU
		{185F1FF0-CD4B-4EE7-8883-40D25619B71E}.NET40_EF6.0.0|Any CPU.ActiveCfg = Release|Any CPU
		{185F1FF0-CD4B-4EE7-8883-40D25619B71E}.NET40_EF6.0.0|Any CPU.Build.0 = Release|Any CPU
		{185F1FF0-CD4B-4EE7-8883-40D25619B71E}.NET40_EF6.0.0|Mixed Platforms.ActiveCfg = Release|Any CPU
		{185F1FF0-CD4B-4EE7-8883-40D25619B71E}.NET40_EF6.0.0|Mixed Platforms.Build.0 = Release|Any CPU
		{185F1FF0-CD4B-4EE7-8883-40D25619B71E}.NET40_EF6.0.0|x86.ActiveCfg = Release|Any CPU
		{185F1FF0-CD4B-4EE7-8883-40D25619B71E}.NET40_EF6.0.1|Any CPU.ActiveCfg = Release|Any CPU
		{185F1FF0-CD4B-4EE7-8883-40D25619B71E}.NET40_EF6.0.1|Any CPU.Build.0 = Release|Any CPU
		{185F1FF0-CD4B-4EE7-8883-40D25619B71E}.NET40_EF6.0.1|Mixed Platforms.ActiveCfg = Release|Any CPU
		{185F1FF0-CD4B-4EE7-8883-40D25619B71E}.NET40_EF6.0.1|Mixed Platforms.Build.0 = Release|Any CPU
		{185F1FF0-CD4B-4EE7-8883-40D25619B71E}.NET40_EF6.0.1|x86.ActiveCfg = Release|Any CPU
		{185F1FF0-CD4B-4EE7-8883-40D25619B71E}.NET40_EF6.0.2|Any CPU.ActiveCfg = Release|Any CPU
		{185F1FF0-CD4B-4EE7-8883-40D25619B71E}.NET40_EF6.0.2|Any CPU.Build.0 = Release|Any CPU
		{185F1FF0-CD4B-4EE7-8883-40D25619B71E}.NET40_EF6.0.2|Mixed Platforms.ActiveCfg = Release|Any CPU
		{185F1FF0-CD4B-4EE7-8883-40D25619B71E}.NET40_EF6.0.2|Mixed Platforms.Build.0 = Release|Any CPU
		{185F1FF0-CD4B-4EE7-8883-40D25619B71E}.NET40_EF6.0.2|x86.ActiveCfg = Release|Any CPU
		{185F1FF0-CD4B-4EE7-8883-40D25619B71E}.NET40_EF6.1.0|Any CPU.ActiveCfg = Release|Any CPU
		{185F1FF0-CD4B-4EE7-8883-40D25619B71E}.NET40_EF6.1.0|Any CPU.Build.0 = Release|Any CPU
		{185F1FF0-CD4B-4EE7-8883-40D25619B71E}.NET40_EF6.1.0|Mixed Platforms.ActiveCfg = Release|Any CPU
		{185F1FF0-CD4B-4EE7-8883-40D25619B71E}.NET40_EF6.1.0|Mixed Platforms.Build.0 = Release|Any CPU
		{185F1FF0-CD4B-4EE7-8883-40D25619B71E}.NET40_EF6.1.0|x86.ActiveCfg = Release|Any CPU
		{185F1FF0-CD4B-4EE7-8883-40D25619B71E}.NET40_EF6.1.1|Any CPU.ActiveCfg = Release|Any CPU
		{185F1FF0-CD4B-4EE7-8883-40D25619B71E}.NET40_EF6.1.1|Any CPU.Build.0 = Release|Any CPU
		{185F1FF0-CD4B-4EE7-8883-40D25619B71E}.NET40_EF6.1.1|Mixed Platforms.ActiveCfg = Release|Any CPU
		{185F1FF0-CD4B-4EE7-8883-40D25619B71E}.NET40_EF6.1.1|Mixed Platforms.Build.0 = Release|Any CPU
		{185F1FF0-CD4B-4EE7-8883-40D25619B71E}.NET40_EF6.1.1|x86.ActiveCfg = Release|Any CPU
		{185F1FF0-CD4B-4EE7-8883-40D25619B71E}.NET40_EF6|Any CPU.ActiveCfg = Release|Any CPU
		{185F1FF0-CD4B-4EE7-8883-40D25619B71E}.NET40_EF6|Any CPU.Build.0 = Release|Any CPU
		{185F1FF0-CD4B-4EE7-8883-40D25619B71E}.NET40_EF6|Mixed Platforms.ActiveCfg = Release|Any CPU
		{185F1FF0-CD4B-4EE7-8883-40D25619B71E}.NET40_EF6|Mixed Platforms.Build.0 = Release|Any CPU
		{185F1FF0-CD4B-4EE7-8883-40D25619B71E}.NET40_EF6|x86.ActiveCfg = Release|Any CPU
		{185F1FF0-CD4B-4EE7-8883-40D25619B71E}.Release|Any CPU.ActiveCfg = Release|Any CPU
		{185F1FF0-CD4B-4EE7-8883-40D25619B71E}.Release|Any CPU.Build.0 = Release|Any CPU
		{185F1FF0-CD4B-4EE7-8883-40D25619B71E}.Release|Mixed Platforms.ActiveCfg = Release|Any CPU
		{185F1FF0-CD4B-4EE7-8883-40D25619B71E}.Release|Mixed Platforms.Build.0 = Release|Any CPU
		{185F1FF0-CD4B-4EE7-8883-40D25619B71E}.Release|x86.ActiveCfg = Release|Any CPU
		{1FA87E00-7C94-48BE-B3DD-D58D09A3EBCF}.Debug|Any CPU.ActiveCfg = Debug|Any CPU
		{1FA87E00-7C94-48BE-B3DD-D58D09A3EBCF}.Debug|Any CPU.Build.0 = Debug|Any CPU
		{1FA87E00-7C94-48BE-B3DD-D58D09A3EBCF}.Debug|Mixed Platforms.ActiveCfg = Debug|Any CPU
		{1FA87E00-7C94-48BE-B3DD-D58D09A3EBCF}.Debug|Mixed Platforms.Build.0 = Debug|Any CPU
		{1FA87E00-7C94-48BE-B3DD-D58D09A3EBCF}.Debug|x86.ActiveCfg = Debug|Any CPU
		{1FA87E00-7C94-48BE-B3DD-D58D09A3EBCF}.NET40_EF4.1.10311|Any CPU.ActiveCfg = Release|Any CPU
		{1FA87E00-7C94-48BE-B3DD-D58D09A3EBCF}.NET40_EF4.1.10311|Any CPU.Build.0 = Release|Any CPU
		{1FA87E00-7C94-48BE-B3DD-D58D09A3EBCF}.NET40_EF4.1.10311|Mixed Platforms.ActiveCfg = Release|Any CPU
		{1FA87E00-7C94-48BE-B3DD-D58D09A3EBCF}.NET40_EF4.1.10311|Mixed Platforms.Build.0 = Release|Any CPU
		{1FA87E00-7C94-48BE-B3DD-D58D09A3EBCF}.NET40_EF4.1.10311|x86.ActiveCfg = Release|Any CPU
		{1FA87E00-7C94-48BE-B3DD-D58D09A3EBCF}.NET40_EF4.1.10331|Any CPU.ActiveCfg = Release|Any CPU
		{1FA87E00-7C94-48BE-B3DD-D58D09A3EBCF}.NET40_EF4.1.10331|Any CPU.Build.0 = Release|Any CPU
		{1FA87E00-7C94-48BE-B3DD-D58D09A3EBCF}.NET40_EF4.1.10331|Mixed Platforms.ActiveCfg = Release|Any CPU
		{1FA87E00-7C94-48BE-B3DD-D58D09A3EBCF}.NET40_EF4.1.10331|Mixed Platforms.Build.0 = Release|Any CPU
		{1FA87E00-7C94-48BE-B3DD-D58D09A3EBCF}.NET40_EF4.1.10331|x86.ActiveCfg = Release|Any CPU
		{1FA87E00-7C94-48BE-B3DD-D58D09A3EBCF}.NET40_EF4.1.10715|Any CPU.ActiveCfg = Release|Any CPU
		{1FA87E00-7C94-48BE-B3DD-D58D09A3EBCF}.NET40_EF4.1.10715|Any CPU.Build.0 = Release|Any CPU
		{1FA87E00-7C94-48BE-B3DD-D58D09A3EBCF}.NET40_EF4.1.10715|Mixed Platforms.ActiveCfg = Release|Any CPU
		{1FA87E00-7C94-48BE-B3DD-D58D09A3EBCF}.NET40_EF4.1.10715|Mixed Platforms.Build.0 = Release|Any CPU
		{1FA87E00-7C94-48BE-B3DD-D58D09A3EBCF}.NET40_EF4.1.10715|x86.ActiveCfg = Release|Any CPU
		{1FA87E00-7C94-48BE-B3DD-D58D09A3EBCF}.NET40_EF4.2.0|Any CPU.ActiveCfg = Release|Any CPU
		{1FA87E00-7C94-48BE-B3DD-D58D09A3EBCF}.NET40_EF4.2.0|Any CPU.Build.0 = Release|Any CPU
		{1FA87E00-7C94-48BE-B3DD-D58D09A3EBCF}.NET40_EF4.2.0|Mixed Platforms.ActiveCfg = Release|Any CPU
		{1FA87E00-7C94-48BE-B3DD-D58D09A3EBCF}.NET40_EF4.2.0|Mixed Platforms.Build.0 = Release|Any CPU
		{1FA87E00-7C94-48BE-B3DD-D58D09A3EBCF}.NET40_EF4.2.0|x86.ActiveCfg = Release|Any CPU
		{1FA87E00-7C94-48BE-B3DD-D58D09A3EBCF}.NET40_EF4.3.0|Any CPU.ActiveCfg = Release|Any CPU
		{1FA87E00-7C94-48BE-B3DD-D58D09A3EBCF}.NET40_EF4.3.0|Any CPU.Build.0 = Release|Any CPU
		{1FA87E00-7C94-48BE-B3DD-D58D09A3EBCF}.NET40_EF4.3.0|Mixed Platforms.ActiveCfg = Release|Any CPU
		{1FA87E00-7C94-48BE-B3DD-D58D09A3EBCF}.NET40_EF4.3.0|Mixed Platforms.Build.0 = Release|Any CPU
		{1FA87E00-7C94-48BE-B3DD-D58D09A3EBCF}.NET40_EF4.3.0|x86.ActiveCfg = Release|Any CPU
		{1FA87E00-7C94-48BE-B3DD-D58D09A3EBCF}.NET40_EF4.3.1|Any CPU.ActiveCfg = Release|Any CPU
		{1FA87E00-7C94-48BE-B3DD-D58D09A3EBCF}.NET40_EF4.3.1|Any CPU.Build.0 = Release|Any CPU
		{1FA87E00-7C94-48BE-B3DD-D58D09A3EBCF}.NET40_EF4.3.1|Mixed Platforms.ActiveCfg = Release|Any CPU
		{1FA87E00-7C94-48BE-B3DD-D58D09A3EBCF}.NET40_EF4.3.1|Mixed Platforms.Build.0 = Release|Any CPU
		{1FA87E00-7C94-48BE-B3DD-D58D09A3EBCF}.NET40_EF4.3.1|x86.ActiveCfg = Release|Any CPU
		{1FA87E00-7C94-48BE-B3DD-D58D09A3EBCF}.NET40_EF4|Any CPU.ActiveCfg = Release|Any CPU
		{1FA87E00-7C94-48BE-B3DD-D58D09A3EBCF}.NET40_EF4|Any CPU.Build.0 = Release|Any CPU
		{1FA87E00-7C94-48BE-B3DD-D58D09A3EBCF}.NET40_EF4|Mixed Platforms.ActiveCfg = Release|Any CPU
		{1FA87E00-7C94-48BE-B3DD-D58D09A3EBCF}.NET40_EF4|Mixed Platforms.Build.0 = Release|Any CPU
		{1FA87E00-7C94-48BE-B3DD-D58D09A3EBCF}.NET40_EF4|x86.ActiveCfg = Release|Any CPU
		{1FA87E00-7C94-48BE-B3DD-D58D09A3EBCF}.NET40_EF5.0.0|Any CPU.ActiveCfg = Release|Any CPU
		{1FA87E00-7C94-48BE-B3DD-D58D09A3EBCF}.NET40_EF5.0.0|Any CPU.Build.0 = Release|Any CPU
		{1FA87E00-7C94-48BE-B3DD-D58D09A3EBCF}.NET40_EF5.0.0|Mixed Platforms.ActiveCfg = Release|Any CPU
		{1FA87E00-7C94-48BE-B3DD-D58D09A3EBCF}.NET40_EF5.0.0|Mixed Platforms.Build.0 = Release|Any CPU
		{1FA87E00-7C94-48BE-B3DD-D58D09A3EBCF}.NET40_EF5.0.0|x86.ActiveCfg = Release|Any CPU
		{1FA87E00-7C94-48BE-B3DD-D58D09A3EBCF}.NET40_EF5|Any CPU.ActiveCfg = Release|Any CPU
		{1FA87E00-7C94-48BE-B3DD-D58D09A3EBCF}.NET40_EF5|Any CPU.Build.0 = Release|Any CPU
		{1FA87E00-7C94-48BE-B3DD-D58D09A3EBCF}.NET40_EF5|Mixed Platforms.ActiveCfg = Release|Any CPU
		{1FA87E00-7C94-48BE-B3DD-D58D09A3EBCF}.NET40_EF5|Mixed Platforms.Build.0 = Release|Any CPU
		{1FA87E00-7C94-48BE-B3DD-D58D09A3EBCF}.NET40_EF5|x86.ActiveCfg = Release|Any CPU
		{1FA87E00-7C94-48BE-B3DD-D58D09A3EBCF}.NET40_EF6.0.0|Any CPU.ActiveCfg = Release|Any CPU
		{1FA87E00-7C94-48BE-B3DD-D58D09A3EBCF}.NET40_EF6.0.0|Any CPU.Build.0 = Release|Any CPU
		{1FA87E00-7C94-48BE-B3DD-D58D09A3EBCF}.NET40_EF6.0.0|Mixed Platforms.ActiveCfg = Release|Any CPU
		{1FA87E00-7C94-48BE-B3DD-D58D09A3EBCF}.NET40_EF6.0.0|Mixed Platforms.Build.0 = Release|Any CPU
		{1FA87E00-7C94-48BE-B3DD-D58D09A3EBCF}.NET40_EF6.0.0|x86.ActiveCfg = Release|Any CPU
		{1FA87E00-7C94-48BE-B3DD-D58D09A3EBCF}.NET40_EF6.0.1|Any CPU.ActiveCfg = Release|Any CPU
		{1FA87E00-7C94-48BE-B3DD-D58D09A3EBCF}.NET40_EF6.0.1|Any CPU.Build.0 = Release|Any CPU
		{1FA87E00-7C94-48BE-B3DD-D58D09A3EBCF}.NET40_EF6.0.1|Mixed Platforms.ActiveCfg = Release|Any CPU
		{1FA87E00-7C94-48BE-B3DD-D58D09A3EBCF}.NET40_EF6.0.1|Mixed Platforms.Build.0 = Release|Any CPU
		{1FA87E00-7C94-48BE-B3DD-D58D09A3EBCF}.NET40_EF6.0.1|x86.ActiveCfg = Release|Any CPU
		{1FA87E00-7C94-48BE-B3DD-D58D09A3EBCF}.NET40_EF6.0.2|Any CPU.ActiveCfg = Release|Any CPU
		{1FA87E00-7C94-48BE-B3DD-D58D09A3EBCF}.NET40_EF6.0.2|Any CPU.Build.0 = Release|Any CPU
		{1FA87E00-7C94-48BE-B3DD-D58D09A3EBCF}.NET40_EF6.0.2|Mixed Platforms.ActiveCfg = Release|Any CPU
		{1FA87E00-7C94-48BE-B3DD-D58D09A3EBCF}.NET40_EF6.0.2|Mixed Platforms.Build.0 = Release|Any CPU
		{1FA87E00-7C94-48BE-B3DD-D58D09A3EBCF}.NET40_EF6.0.2|x86.ActiveCfg = Release|Any CPU
		{1FA87E00-7C94-48BE-B3DD-D58D09A3EBCF}.NET40_EF6.1.0|Any CPU.ActiveCfg = Release|Any CPU
		{1FA87E00-7C94-48BE-B3DD-D58D09A3EBCF}.NET40_EF6.1.0|Any CPU.Build.0 = Release|Any CPU
		{1FA87E00-7C94-48BE-B3DD-D58D09A3EBCF}.NET40_EF6.1.0|Mixed Platforms.ActiveCfg = Release|Any CPU
		{1FA87E00-7C94-48BE-B3DD-D58D09A3EBCF}.NET40_EF6.1.0|Mixed Platforms.Build.0 = Release|Any CPU
		{1FA87E00-7C94-48BE-B3DD-D58D09A3EBCF}.NET40_EF6.1.0|x86.ActiveCfg = Release|Any CPU
		{1FA87E00-7C94-48BE-B3DD-D58D09A3EBCF}.NET40_EF6.1.1|Any CPU.ActiveCfg = Release|Any CPU
		{1FA87E00-7C94-48BE-B3DD-D58D09A3EBCF}.NET40_EF6.1.1|Any CPU.Build.0 = Release|Any CPU
		{1FA87E00-7C94-48BE-B3DD-D58D09A3EBCF}.NET40_EF6.1.1|Mixed Platforms.ActiveCfg = Release|Any CPU
		{1FA87E00-7C94-48BE-B3DD-D58D09A3EBCF}.NET40_EF6.1.1|Mixed Platforms.Build.0 = Release|Any CPU
		{1FA87E00-7C94-48BE-B3DD-D58D09A3EBCF}.NET40_EF6.1.1|x86.ActiveCfg = Release|Any CPU
		{1FA87E00-7C94-48BE-B3DD-D58D09A3EBCF}.NET40_EF6|Any CPU.ActiveCfg = Release|Any CPU
		{1FA87E00-7C94-48BE-B3DD-D58D09A3EBCF}.NET40_EF6|Any CPU.Build.0 = Release|Any CPU
		{1FA87E00-7C94-48BE-B3DD-D58D09A3EBCF}.NET40_EF6|Mixed Platforms.ActiveCfg = Release|Any CPU
		{1FA87E00-7C94-48BE-B3DD-D58D09A3EBCF}.NET40_EF6|Mixed Platforms.Build.0 = Release|Any CPU
		{1FA87E00-7C94-48BE-B3DD-D58D09A3EBCF}.NET40_EF6|x86.ActiveCfg = Release|Any CPU
		{1FA87E00-7C94-48BE-B3DD-D58D09A3EBCF}.Release|Any CPU.ActiveCfg = Release|Any CPU
		{1FA87E00-7C94-48BE-B3DD-D58D09A3EBCF}.Release|Any CPU.Build.0 = Release|Any CPU
		{1FA87E00-7C94-48BE-B3DD-D58D09A3EBCF}.Release|Mixed Platforms.ActiveCfg = Release|Any CPU
		{1FA87E00-7C94-48BE-B3DD-D58D09A3EBCF}.Release|Mixed Platforms.Build.0 = Release|Any CPU
		{1FA87E00-7C94-48BE-B3DD-D58D09A3EBCF}.Release|x86.ActiveCfg = Release|Any CPU
		{163C7593-1B4E-4539-B78E-7E7B08E25296}.Debug|Any CPU.ActiveCfg = Debug|Any CPU
		{163C7593-1B4E-4539-B78E-7E7B08E25296}.Debug|Any CPU.Build.0 = Debug|Any CPU
		{163C7593-1B4E-4539-B78E-7E7B08E25296}.Debug|Mixed Platforms.ActiveCfg = Debug|Any CPU
		{163C7593-1B4E-4539-B78E-7E7B08E25296}.Debug|Mixed Platforms.Build.0 = Debug|Any CPU
		{163C7593-1B4E-4539-B78E-7E7B08E25296}.Debug|x86.ActiveCfg = Debug|Any CPU
		{163C7593-1B4E-4539-B78E-7E7B08E25296}.NET40_EF4.1.10311|Any CPU.ActiveCfg = Release|Any CPU
		{163C7593-1B4E-4539-B78E-7E7B08E25296}.NET40_EF4.1.10311|Any CPU.Build.0 = Release|Any CPU
		{163C7593-1B4E-4539-B78E-7E7B08E25296}.NET40_EF4.1.10311|Mixed Platforms.ActiveCfg = Release|Any CPU
		{163C7593-1B4E-4539-B78E-7E7B08E25296}.NET40_EF4.1.10311|Mixed Platforms.Build.0 = Release|Any CPU
		{163C7593-1B4E-4539-B78E-7E7B08E25296}.NET40_EF4.1.10311|x86.ActiveCfg = Release|Any CPU
		{163C7593-1B4E-4539-B78E-7E7B08E25296}.NET40_EF4.1.10331|Any CPU.ActiveCfg = Release|Any CPU
		{163C7593-1B4E-4539-B78E-7E7B08E25296}.NET40_EF4.1.10331|Any CPU.Build.0 = Release|Any CPU
		{163C7593-1B4E-4539-B78E-7E7B08E25296}.NET40_EF4.1.10331|Mixed Platforms.ActiveCfg = Release|Any CPU
		{163C7593-1B4E-4539-B78E-7E7B08E25296}.NET40_EF4.1.10331|Mixed Platforms.Build.0 = Release|Any CPU
		{163C7593-1B4E-4539-B78E-7E7B08E25296}.NET40_EF4.1.10331|x86.ActiveCfg = Release|Any CPU
		{163C7593-1B4E-4539-B78E-7E7B08E25296}.NET40_EF4.1.10715|Any CPU.ActiveCfg = Release|Any CPU
		{163C7593-1B4E-4539-B78E-7E7B08E25296}.NET40_EF4.1.10715|Any CPU.Build.0 = Release|Any CPU
		{163C7593-1B4E-4539-B78E-7E7B08E25296}.NET40_EF4.1.10715|Mixed Platforms.ActiveCfg = Release|Any CPU
		{163C7593-1B4E-4539-B78E-7E7B08E25296}.NET40_EF4.1.10715|Mixed Platforms.Build.0 = Release|Any CPU
		{163C7593-1B4E-4539-B78E-7E7B08E25296}.NET40_EF4.1.10715|x86.ActiveCfg = Release|Any CPU
		{163C7593-1B4E-4539-B78E-7E7B08E25296}.NET40_EF4.2.0|Any CPU.ActiveCfg = Release|Any CPU
		{163C7593-1B4E-4539-B78E-7E7B08E25296}.NET40_EF4.2.0|Any CPU.Build.0 = Release|Any CPU
		{163C7593-1B4E-4539-B78E-7E7B08E25296}.NET40_EF4.2.0|Mixed Platforms.ActiveCfg = Release|Any CPU
		{163C7593-1B4E-4539-B78E-7E7B08E25296}.NET40_EF4.2.0|Mixed Platforms.Build.0 = Release|Any CPU
		{163C7593-1B4E-4539-B78E-7E7B08E25296}.NET40_EF4.2.0|x86.ActiveCfg = Release|Any CPU
		{163C7593-1B4E-4539-B78E-7E7B08E25296}.NET40_EF4.3.0|Any CPU.ActiveCfg = Release|Any CPU
		{163C7593-1B4E-4539-B78E-7E7B08E25296}.NET40_EF4.3.0|Any CPU.Build.0 = Release|Any CPU
		{163C7593-1B4E-4539-B78E-7E7B08E25296}.NET40_EF4.3.0|Mixed Platforms.ActiveCfg = Release|Any CPU
		{163C7593-1B4E-4539-B78E-7E7B08E25296}.NET40_EF4.3.0|Mixed Platforms.Build.0 = Release|Any CPU
		{163C7593-1B4E-4539-B78E-7E7B08E25296}.NET40_EF4.3.0|x86.ActiveCfg = Release|Any CPU
		{163C7593-1B4E-4539-B78E-7E7B08E25296}.NET40_EF4.3.1|Any CPU.ActiveCfg = Release|Any CPU
		{163C7593-1B4E-4539-B78E-7E7B08E25296}.NET40_EF4.3.1|Any CPU.Build.0 = Release|Any CPU
		{163C7593-1B4E-4539-B78E-7E7B08E25296}.NET40_EF4.3.1|Mixed Platforms.ActiveCfg = Release|Any CPU
		{163C7593-1B4E-4539-B78E-7E7B08E25296}.NET40_EF4.3.1|Mixed Platforms.Build.0 = Release|Any CPU
		{163C7593-1B4E-4539-B78E-7E7B08E25296}.NET40_EF4.3.1|x86.ActiveCfg = Release|Any CPU
		{163C7593-1B4E-4539-B78E-7E7B08E25296}.NET40_EF4|Any CPU.ActiveCfg = Release|Any CPU
		{163C7593-1B4E-4539-B78E-7E7B08E25296}.NET40_EF4|Any CPU.Build.0 = Release|Any CPU
		{163C7593-1B4E-4539-B78E-7E7B08E25296}.NET40_EF4|Mixed Platforms.ActiveCfg = Release|Any CPU
		{163C7593-1B4E-4539-B78E-7E7B08E25296}.NET40_EF4|Mixed Platforms.Build.0 = Release|Any CPU
		{163C7593-1B4E-4539-B78E-7E7B08E25296}.NET40_EF4|x86.ActiveCfg = Release|Any CPU
		{163C7593-1B4E-4539-B78E-7E7B08E25296}.NET40_EF5.0.0|Any CPU.ActiveCfg = Release|Any CPU
		{163C7593-1B4E-4539-B78E-7E7B08E25296}.NET40_EF5.0.0|Any CPU.Build.0 = Release|Any CPU
		{163C7593-1B4E-4539-B78E-7E7B08E25296}.NET40_EF5.0.0|Mixed Platforms.ActiveCfg = Release|Any CPU
		{163C7593-1B4E-4539-B78E-7E7B08E25296}.NET40_EF5.0.0|Mixed Platforms.Build.0 = Release|Any CPU
		{163C7593-1B4E-4539-B78E-7E7B08E25296}.NET40_EF5.0.0|x86.ActiveCfg = Release|Any CPU
		{163C7593-1B4E-4539-B78E-7E7B08E25296}.NET40_EF5|Any CPU.ActiveCfg = Release|Any CPU
		{163C7593-1B4E-4539-B78E-7E7B08E25296}.NET40_EF5|Any CPU.Build.0 = Release|Any CPU
		{163C7593-1B4E-4539-B78E-7E7B08E25296}.NET40_EF5|Mixed Platforms.ActiveCfg = Release|Any CPU
		{163C7593-1B4E-4539-B78E-7E7B08E25296}.NET40_EF5|Mixed Platforms.Build.0 = Release|Any CPU
		{163C7593-1B4E-4539-B78E-7E7B08E25296}.NET40_EF5|x86.ActiveCfg = Release|Any CPU
		{163C7593-1B4E-4539-B78E-7E7B08E25296}.NET40_EF6.0.0|Any CPU.ActiveCfg = Release|Any CPU
		{163C7593-1B4E-4539-B78E-7E7B08E25296}.NET40_EF6.0.0|Any CPU.Build.0 = Release|Any CPU
		{163C7593-1B4E-4539-B78E-7E7B08E25296}.NET40_EF6.0.0|Mixed Platforms.ActiveCfg = Release|Any CPU
		{163C7593-1B4E-4539-B78E-7E7B08E25296}.NET40_EF6.0.0|Mixed Platforms.Build.0 = Release|Any CPU
		{163C7593-1B4E-4539-B78E-7E7B08E25296}.NET40_EF6.0.0|x86.ActiveCfg = Release|Any CPU
		{163C7593-1B4E-4539-B78E-7E7B08E25296}.NET40_EF6.0.1|Any CPU.ActiveCfg = Release|Any CPU
		{163C7593-1B4E-4539-B78E-7E7B08E25296}.NET40_EF6.0.1|Any CPU.Build.0 = Release|Any CPU
		{163C7593-1B4E-4539-B78E-7E7B08E25296}.NET40_EF6.0.1|Mixed Platforms.ActiveCfg = Release|Any CPU
		{163C7593-1B4E-4539-B78E-7E7B08E25296}.NET40_EF6.0.1|Mixed Platforms.Build.0 = Release|Any CPU
		{163C7593-1B4E-4539-B78E-7E7B08E25296}.NET40_EF6.0.1|x86.ActiveCfg = Release|Any CPU
		{163C7593-1B4E-4539-B78E-7E7B08E25296}.NET40_EF6.0.2|Any CPU.ActiveCfg = Release|Any CPU
		{163C7593-1B4E-4539-B78E-7E7B08E25296}.NET40_EF6.0.2|Any CPU.Build.0 = Release|Any CPU
		{163C7593-1B4E-4539-B78E-7E7B08E25296}.NET40_EF6.0.2|Mixed Platforms.ActiveCfg = Release|Any CPU
		{163C7593-1B4E-4539-B78E-7E7B08E25296}.NET40_EF6.0.2|Mixed Platforms.Build.0 = Release|Any CPU
		{163C7593-1B4E-4539-B78E-7E7B08E25296}.NET40_EF6.0.2|x86.ActiveCfg = Release|Any CPU
		{163C7593-1B4E-4539-B78E-7E7B08E25296}.NET40_EF6.1.0|Any CPU.ActiveCfg = Release|Any CPU
		{163C7593-1B4E-4539-B78E-7E7B08E25296}.NET40_EF6.1.0|Any CPU.Build.0 = Release|Any CPU
		{163C7593-1B4E-4539-B78E-7E7B08E25296}.NET40_EF6.1.0|Mixed Platforms.ActiveCfg = Release|Any CPU
		{163C7593-1B4E-4539-B78E-7E7B08E25296}.NET40_EF6.1.0|Mixed Platforms.Build.0 = Release|Any CPU
		{163C7593-1B4E-4539-B78E-7E7B08E25296}.NET40_EF6.1.0|x86.ActiveCfg = Release|Any CPU
		{163C7593-1B4E-4539-B78E-7E7B08E25296}.NET40_EF6.1.1|Any CPU.ActiveCfg = Release|Any CPU
		{163C7593-1B4E-4539-B78E-7E7B08E25296}.NET40_EF6.1.1|Any CPU.Build.0 = Release|Any CPU
		{163C7593-1B4E-4539-B78E-7E7B08E25296}.NET40_EF6.1.1|Mixed Platforms.ActiveCfg = Release|Any CPU
		{163C7593-1B4E-4539-B78E-7E7B08E25296}.NET40_EF6.1.1|Mixed Platforms.Build.0 = Release|Any CPU
		{163C7593-1B4E-4539-B78E-7E7B08E25296}.NET40_EF6.1.1|x86.ActiveCfg = Release|Any CPU
		{163C7593-1B4E-4539-B78E-7E7B08E25296}.NET40_EF6|Any CPU.ActiveCfg = Release|Any CPU
		{163C7593-1B4E-4539-B78E-7E7B08E25296}.NET40_EF6|Any CPU.Build.0 = Release|Any CPU
		{163C7593-1B4E-4539-B78E-7E7B08E25296}.NET40_EF6|Mixed Platforms.ActiveCfg = Release|Any CPU
		{163C7593-1B4E-4539-B78E-7E7B08E25296}.NET40_EF6|Mixed Platforms.Build.0 = Release|Any CPU
		{163C7593-1B4E-4539-B78E-7E7B08E25296}.NET40_EF6|x86.ActiveCfg = Release|Any CPU
		{163C7593-1B4E-4539-B78E-7E7B08E25296}.Release|Any CPU.ActiveCfg = Release|Any CPU
		{163C7593-1B4E-4539-B78E-7E7B08E25296}.Release|Any CPU.Build.0 = Release|Any CPU
		{163C7593-1B4E-4539-B78E-7E7B08E25296}.Release|Mixed Platforms.ActiveCfg = Release|Any CPU
		{163C7593-1B4E-4539-B78E-7E7B08E25296}.Release|Mixed Platforms.Build.0 = Release|Any CPU
		{163C7593-1B4E-4539-B78E-7E7B08E25296}.Release|x86.ActiveCfg = Release|Any CPU
		{609BE91A-F11B-49BC-98D9-F7C83517A59E}.Debug|Any CPU.ActiveCfg = Debug|Any CPU
		{609BE91A-F11B-49BC-98D9-F7C83517A59E}.Debug|Any CPU.Build.0 = Debug|Any CPU
		{609BE91A-F11B-49BC-98D9-F7C83517A59E}.Debug|Mixed Platforms.ActiveCfg = Debug|Any CPU
		{609BE91A-F11B-49BC-98D9-F7C83517A59E}.Debug|Mixed Platforms.Build.0 = Debug|Any CPU
		{609BE91A-F11B-49BC-98D9-F7C83517A59E}.Debug|x86.ActiveCfg = Debug|Any CPU
		{609BE91A-F11B-49BC-98D9-F7C83517A59E}.NET40_EF4.1.10311|Any CPU.ActiveCfg = NET40_EF4.1.10311|Any CPU
		{609BE91A-F11B-49BC-98D9-F7C83517A59E}.NET40_EF4.1.10311|Any CPU.Build.0 = NET40_EF4.1.10311|Any CPU
		{609BE91A-F11B-49BC-98D9-F7C83517A59E}.NET40_EF4.1.10311|Mixed Platforms.ActiveCfg = NET40_EF4.1.10311|Any CPU
		{609BE91A-F11B-49BC-98D9-F7C83517A59E}.NET40_EF4.1.10311|Mixed Platforms.Build.0 = NET40_EF4.1.10311|Any CPU
		{609BE91A-F11B-49BC-98D9-F7C83517A59E}.NET40_EF4.1.10311|x86.ActiveCfg = NET40_EF4.1.10311|Any CPU
		{609BE91A-F11B-49BC-98D9-F7C83517A59E}.NET40_EF4.1.10331|Any CPU.ActiveCfg = NET40_EF4.1.10331|Any CPU
		{609BE91A-F11B-49BC-98D9-F7C83517A59E}.NET40_EF4.1.10331|Any CPU.Build.0 = NET40_EF4.1.10331|Any CPU
		{609BE91A-F11B-49BC-98D9-F7C83517A59E}.NET40_EF4.1.10331|Mixed Platforms.ActiveCfg = NET40_EF4.1.10331|Any CPU
		{609BE91A-F11B-49BC-98D9-F7C83517A59E}.NET40_EF4.1.10331|Mixed Platforms.Build.0 = NET40_EF4.1.10331|Any CPU
		{609BE91A-F11B-49BC-98D9-F7C83517A59E}.NET40_EF4.1.10331|x86.ActiveCfg = NET40_EF4.1.10331|Any CPU
		{609BE91A-F11B-49BC-98D9-F7C83517A59E}.NET40_EF4.1.10715|Any CPU.ActiveCfg = NET40_EF4.1.10715|Any CPU
		{609BE91A-F11B-49BC-98D9-F7C83517A59E}.NET40_EF4.1.10715|Any CPU.Build.0 = NET40_EF4.1.10715|Any CPU
		{609BE91A-F11B-49BC-98D9-F7C83517A59E}.NET40_EF4.1.10715|Mixed Platforms.ActiveCfg = NET40_EF4.1.10715|Any CPU
		{609BE91A-F11B-49BC-98D9-F7C83517A59E}.NET40_EF4.1.10715|Mixed Platforms.Build.0 = NET40_EF4.1.10715|Any CPU
		{609BE91A-F11B-49BC-98D9-F7C83517A59E}.NET40_EF4.1.10715|x86.ActiveCfg = NET40_EF4.1.10715|Any CPU
		{609BE91A-F11B-49BC-98D9-F7C83517A59E}.NET40_EF4.2.0|Any CPU.ActiveCfg = NET40_EF4.2.0|Any CPU
		{609BE91A-F11B-49BC-98D9-F7C83517A59E}.NET40_EF4.2.0|Any CPU.Build.0 = NET40_EF4.2.0|Any CPU
		{609BE91A-F11B-49BC-98D9-F7C83517A59E}.NET40_EF4.2.0|Mixed Platforms.ActiveCfg = NET40_EF4.2.0|Any CPU
		{609BE91A-F11B-49BC-98D9-F7C83517A59E}.NET40_EF4.2.0|Mixed Platforms.Build.0 = NET40_EF4.2.0|Any CPU
		{609BE91A-F11B-49BC-98D9-F7C83517A59E}.NET40_EF4.2.0|x86.ActiveCfg = NET40_EF4.2.0|Any CPU
		{609BE91A-F11B-49BC-98D9-F7C83517A59E}.NET40_EF4.3.0|Any CPU.ActiveCfg = NET40_EF4.3.0|Any CPU
		{609BE91A-F11B-49BC-98D9-F7C83517A59E}.NET40_EF4.3.0|Any CPU.Build.0 = NET40_EF4.3.0|Any CPU
		{609BE91A-F11B-49BC-98D9-F7C83517A59E}.NET40_EF4.3.0|Mixed Platforms.ActiveCfg = NET40_EF4.3.0|Any CPU
		{609BE91A-F11B-49BC-98D9-F7C83517A59E}.NET40_EF4.3.0|Mixed Platforms.Build.0 = NET40_EF4.3.0|Any CPU
		{609BE91A-F11B-49BC-98D9-F7C83517A59E}.NET40_EF4.3.0|x86.ActiveCfg = NET40_EF4.3.0|Any CPU
		{609BE91A-F11B-49BC-98D9-F7C83517A59E}.NET40_EF4.3.1|Any CPU.ActiveCfg = NET40_EF4.3.1|Any CPU
		{609BE91A-F11B-49BC-98D9-F7C83517A59E}.NET40_EF4.3.1|Any CPU.Build.0 = NET40_EF4.3.1|Any CPU
		{609BE91A-F11B-49BC-98D9-F7C83517A59E}.NET40_EF4.3.1|Mixed Platforms.ActiveCfg = NET40_EF4.3.1|Any CPU
		{609BE91A-F11B-49BC-98D9-F7C83517A59E}.NET40_EF4.3.1|Mixed Platforms.Build.0 = NET40_EF4.3.1|Any CPU
		{609BE91A-F11B-49BC-98D9-F7C83517A59E}.NET40_EF4.3.1|x86.ActiveCfg = NET40_EF4.3.1|Any CPU
		{609BE91A-F11B-49BC-98D9-F7C83517A59E}.NET40_EF4|Any CPU.ActiveCfg = NET40_EF4.3.1|Any CPU
		{609BE91A-F11B-49BC-98D9-F7C83517A59E}.NET40_EF4|Any CPU.Build.0 = NET40_EF4.3.1|Any CPU
		{609BE91A-F11B-49BC-98D9-F7C83517A59E}.NET40_EF4|Mixed Platforms.ActiveCfg = NET40_EF4.3.1|Any CPU
		{609BE91A-F11B-49BC-98D9-F7C83517A59E}.NET40_EF4|Mixed Platforms.Build.0 = NET40_EF4.3.1|Any CPU
		{609BE91A-F11B-49BC-98D9-F7C83517A59E}.NET40_EF4|x86.ActiveCfg = NET40_EF4.3.1|Any CPU
		{609BE91A-F11B-49BC-98D9-F7C83517A59E}.NET40_EF5.0.0|Any CPU.ActiveCfg = NET40_EF5.0.0|Any CPU
		{609BE91A-F11B-49BC-98D9-F7C83517A59E}.NET40_EF5.0.0|Any CPU.Build.0 = NET40_EF5.0.0|Any CPU
		{609BE91A-F11B-49BC-98D9-F7C83517A59E}.NET40_EF5.0.0|Mixed Platforms.ActiveCfg = NET40_EF5.0.0|Any CPU
		{609BE91A-F11B-49BC-98D9-F7C83517A59E}.NET40_EF5.0.0|Mixed Platforms.Build.0 = NET40_EF5.0.0|Any CPU
		{609BE91A-F11B-49BC-98D9-F7C83517A59E}.NET40_EF5.0.0|x86.ActiveCfg = NET40_EF5.0.0|Any CPU
		{609BE91A-F11B-49BC-98D9-F7C83517A59E}.NET40_EF5|Any CPU.ActiveCfg = NET40_EF5.0.0|Any CPU
		{609BE91A-F11B-49BC-98D9-F7C83517A59E}.NET40_EF5|Any CPU.Build.0 = NET40_EF5.0.0|Any CPU
		{609BE91A-F11B-49BC-98D9-F7C83517A59E}.NET40_EF5|Mixed Platforms.ActiveCfg = NET40_EF5.0.0|Any CPU
		{609BE91A-F11B-49BC-98D9-F7C83517A59E}.NET40_EF5|Mixed Platforms.Build.0 = NET40_EF5.0.0|Any CPU
		{609BE91A-F11B-49BC-98D9-F7C83517A59E}.NET40_EF5|x86.ActiveCfg = NET40_EF5.0.0|Any CPU
		{609BE91A-F11B-49BC-98D9-F7C83517A59E}.NET40_EF6.0.0|Any CPU.ActiveCfg = NET40_EF6.0.0|Any CPU
		{609BE91A-F11B-49BC-98D9-F7C83517A59E}.NET40_EF6.0.0|Any CPU.Build.0 = NET40_EF6.0.0|Any CPU
		{609BE91A-F11B-49BC-98D9-F7C83517A59E}.NET40_EF6.0.0|Mixed Platforms.ActiveCfg = NET40_EF6.0.0|Any CPU
		{609BE91A-F11B-49BC-98D9-F7C83517A59E}.NET40_EF6.0.0|Mixed Platforms.Build.0 = NET40_EF6.0.0|Any CPU
		{609BE91A-F11B-49BC-98D9-F7C83517A59E}.NET40_EF6.0.0|x86.ActiveCfg = NET40_EF6.0.0|Any CPU
		{609BE91A-F11B-49BC-98D9-F7C83517A59E}.NET40_EF6.0.1|Any CPU.ActiveCfg = NET40_EF6.0.1|Any CPU
		{609BE91A-F11B-49BC-98D9-F7C83517A59E}.NET40_EF6.0.1|Any CPU.Build.0 = NET40_EF6.0.1|Any CPU
		{609BE91A-F11B-49BC-98D9-F7C83517A59E}.NET40_EF6.0.1|Mixed Platforms.ActiveCfg = NET40_EF6.0.1|Any CPU
		{609BE91A-F11B-49BC-98D9-F7C83517A59E}.NET40_EF6.0.1|Mixed Platforms.Build.0 = NET40_EF6.0.1|Any CPU
		{609BE91A-F11B-49BC-98D9-F7C83517A59E}.NET40_EF6.0.1|x86.ActiveCfg = NET40_EF6.0.1|Any CPU
		{609BE91A-F11B-49BC-98D9-F7C83517A59E}.NET40_EF6.0.2|Any CPU.ActiveCfg = NET40_EF6.0.2|Any CPU
		{609BE91A-F11B-49BC-98D9-F7C83517A59E}.NET40_EF6.0.2|Any CPU.Build.0 = NET40_EF6.0.2|Any CPU
		{609BE91A-F11B-49BC-98D9-F7C83517A59E}.NET40_EF6.0.2|Mixed Platforms.ActiveCfg = NET40_EF6.0.2|Any CPU
		{609BE91A-F11B-49BC-98D9-F7C83517A59E}.NET40_EF6.0.2|Mixed Platforms.Build.0 = NET40_EF6.0.2|Any CPU
		{609BE91A-F11B-49BC-98D9-F7C83517A59E}.NET40_EF6.0.2|x86.ActiveCfg = NET40_EF6.0.2|Any CPU
		{609BE91A-F11B-49BC-98D9-F7C83517A59E}.NET40_EF6.1.0|Any CPU.ActiveCfg = NET40_EF6.1.0|Any CPU
		{609BE91A-F11B-49BC-98D9-F7C83517A59E}.NET40_EF6.1.0|Any CPU.Build.0 = NET40_EF6.1.0|Any CPU
		{609BE91A-F11B-49BC-98D9-F7C83517A59E}.NET40_EF6.1.0|Mixed Platforms.ActiveCfg = NET40_EF6.1.0|Any CPU
		{609BE91A-F11B-49BC-98D9-F7C83517A59E}.NET40_EF6.1.0|Mixed Platforms.Build.0 = NET40_EF6.1.0|Any CPU
		{609BE91A-F11B-49BC-98D9-F7C83517A59E}.NET40_EF6.1.0|x86.ActiveCfg = NET40_EF6.1.0|Any CPU
		{609BE91A-F11B-49BC-98D9-F7C83517A59E}.NET40_EF6.1.1|Any CPU.ActiveCfg = NET40_EF6.1.1|Any CPU
		{609BE91A-F11B-49BC-98D9-F7C83517A59E}.NET40_EF6.1.1|Any CPU.Build.0 = NET40_EF6.1.1|Any CPU
		{609BE91A-F11B-49BC-98D9-F7C83517A59E}.NET40_EF6.1.1|Mixed Platforms.ActiveCfg = NET40_EF6.1.1|Any CPU
		{609BE91A-F11B-49BC-98D9-F7C83517A59E}.NET40_EF6.1.1|Mixed Platforms.Build.0 = NET40_EF6.1.1|Any CPU
		{609BE91A-F11B-49BC-98D9-F7C83517A59E}.NET40_EF6.1.1|x86.ActiveCfg = NET40_EF6.1.1|Any CPU
		{609BE91A-F11B-49BC-98D9-F7C83517A59E}.NET40_EF6|Any CPU.ActiveCfg = NET40_EF6.1.1|Any CPU
		{609BE91A-F11B-49BC-98D9-F7C83517A59E}.NET40_EF6|Any CPU.Build.0 = NET40_EF6.1.1|Any CPU
		{609BE91A-F11B-49BC-98D9-F7C83517A59E}.NET40_EF6|Mixed Platforms.ActiveCfg = NET40_EF6.1.1|Any CPU
		{609BE91A-F11B-49BC-98D9-F7C83517A59E}.NET40_EF6|Mixed Platforms.Build.0 = NET40_EF6.1.1|Any CPU
		{609BE91A-F11B-49BC-98D9-F7C83517A59E}.NET40_EF6|x86.ActiveCfg = NET40_EF6.1.1|Any CPU
		{609BE91A-F11B-49BC-98D9-F7C83517A59E}.Release|Any CPU.ActiveCfg = Release|Any CPU
		{609BE91A-F11B-49BC-98D9-F7C83517A59E}.Release|Any CPU.Build.0 = Release|Any CPU
		{609BE91A-F11B-49BC-98D9-F7C83517A59E}.Release|Mixed Platforms.ActiveCfg = Release|Any CPU
		{609BE91A-F11B-49BC-98D9-F7C83517A59E}.Release|Mixed Platforms.Build.0 = Release|Any CPU
		{609BE91A-F11B-49BC-98D9-F7C83517A59E}.Release|x86.ActiveCfg = Release|Any CPU
		{B4390E6F-B8F1-4C18-8EE7-D09A52EBC601}.Debug|Any CPU.ActiveCfg = Debug|Any CPU
		{B4390E6F-B8F1-4C18-8EE7-D09A52EBC601}.Debug|Any CPU.Build.0 = Debug|Any CPU
		{B4390E6F-B8F1-4C18-8EE7-D09A52EBC601}.Debug|Mixed Platforms.ActiveCfg = Debug|Any CPU
		{B4390E6F-B8F1-4C18-8EE7-D09A52EBC601}.Debug|Mixed Platforms.Build.0 = Debug|Any CPU
		{B4390E6F-B8F1-4C18-8EE7-D09A52EBC601}.Debug|x86.ActiveCfg = Debug|Any CPU
		{B4390E6F-B8F1-4C18-8EE7-D09A52EBC601}.NET40_EF4.1.10311|Any CPU.ActiveCfg = NET40_EF4|Any CPU
		{B4390E6F-B8F1-4C18-8EE7-D09A52EBC601}.NET40_EF4.1.10311|Any CPU.Build.0 = NET40_EF4|Any CPU
		{B4390E6F-B8F1-4C18-8EE7-D09A52EBC601}.NET40_EF4.1.10311|Mixed Platforms.ActiveCfg = NET40_EF4|Any CPU
		{B4390E6F-B8F1-4C18-8EE7-D09A52EBC601}.NET40_EF4.1.10311|Mixed Platforms.Build.0 = NET40_EF4|Any CPU
		{B4390E6F-B8F1-4C18-8EE7-D09A52EBC601}.NET40_EF4.1.10311|x86.ActiveCfg = NET40_EF4|Any CPU
		{B4390E6F-B8F1-4C18-8EE7-D09A52EBC601}.NET40_EF4.1.10331|Any CPU.ActiveCfg = NET40_EF4|Any CPU
		{B4390E6F-B8F1-4C18-8EE7-D09A52EBC601}.NET40_EF4.1.10331|Any CPU.Build.0 = NET40_EF4|Any CPU
		{B4390E6F-B8F1-4C18-8EE7-D09A52EBC601}.NET40_EF4.1.10331|Mixed Platforms.ActiveCfg = NET40_EF4|Any CPU
		{B4390E6F-B8F1-4C18-8EE7-D09A52EBC601}.NET40_EF4.1.10331|Mixed Platforms.Build.0 = NET40_EF4|Any CPU
		{B4390E6F-B8F1-4C18-8EE7-D09A52EBC601}.NET40_EF4.1.10331|x86.ActiveCfg = NET40_EF4|Any CPU
		{B4390E6F-B8F1-4C18-8EE7-D09A52EBC601}.NET40_EF4.1.10715|Any CPU.ActiveCfg = NET40_EF4|Any CPU
		{B4390E6F-B8F1-4C18-8EE7-D09A52EBC601}.NET40_EF4.1.10715|Any CPU.Build.0 = NET40_EF4|Any CPU
		{B4390E6F-B8F1-4C18-8EE7-D09A52EBC601}.NET40_EF4.1.10715|Mixed Platforms.ActiveCfg = NET40_EF4|Any CPU
		{B4390E6F-B8F1-4C18-8EE7-D09A52EBC601}.NET40_EF4.1.10715|Mixed Platforms.Build.0 = NET40_EF4|Any CPU
		{B4390E6F-B8F1-4C18-8EE7-D09A52EBC601}.NET40_EF4.1.10715|x86.ActiveCfg = NET40_EF4|Any CPU
		{B4390E6F-B8F1-4C18-8EE7-D09A52EBC601}.NET40_EF4.2.0|Any CPU.ActiveCfg = NET40_EF4|Any CPU
		{B4390E6F-B8F1-4C18-8EE7-D09A52EBC601}.NET40_EF4.2.0|Any CPU.Build.0 = NET40_EF4|Any CPU
		{B4390E6F-B8F1-4C18-8EE7-D09A52EBC601}.NET40_EF4.2.0|Mixed Platforms.ActiveCfg = NET40_EF4|Any CPU
		{B4390E6F-B8F1-4C18-8EE7-D09A52EBC601}.NET40_EF4.2.0|Mixed Platforms.Build.0 = NET40_EF4|Any CPU
		{B4390E6F-B8F1-4C18-8EE7-D09A52EBC601}.NET40_EF4.2.0|x86.ActiveCfg = NET40_EF4|Any CPU
		{B4390E6F-B8F1-4C18-8EE7-D09A52EBC601}.NET40_EF4.3.0|Any CPU.ActiveCfg = NET40_EF4|Any CPU
		{B4390E6F-B8F1-4C18-8EE7-D09A52EBC601}.NET40_EF4.3.0|Any CPU.Build.0 = NET40_EF4|Any CPU
		{B4390E6F-B8F1-4C18-8EE7-D09A52EBC601}.NET40_EF4.3.0|Mixed Platforms.ActiveCfg = NET40_EF4|Any CPU
		{B4390E6F-B8F1-4C18-8EE7-D09A52EBC601}.NET40_EF4.3.0|Mixed Platforms.Build.0 = NET40_EF4|Any CPU
		{B4390E6F-B8F1-4C18-8EE7-D09A52EBC601}.NET40_EF4.3.0|x86.ActiveCfg = NET40_EF4|Any CPU
		{B4390E6F-B8F1-4C18-8EE7-D09A52EBC601}.NET40_EF4.3.1|Any CPU.ActiveCfg = NET40_EF4|Any CPU
		{B4390E6F-B8F1-4C18-8EE7-D09A52EBC601}.NET40_EF4.3.1|Any CPU.Build.0 = NET40_EF4|Any CPU
		{B4390E6F-B8F1-4C18-8EE7-D09A52EBC601}.NET40_EF4.3.1|Mixed Platforms.ActiveCfg = NET40_EF4|Any CPU
		{B4390E6F-B8F1-4C18-8EE7-D09A52EBC601}.NET40_EF4.3.1|Mixed Platforms.Build.0 = NET40_EF4|Any CPU
		{B4390E6F-B8F1-4C18-8EE7-D09A52EBC601}.NET40_EF4.3.1|x86.ActiveCfg = NET40_EF4|Any CPU
		{B4390E6F-B8F1-4C18-8EE7-D09A52EBC601}.NET40_EF4|Any CPU.ActiveCfg = NET40_EF4|Any CPU
		{B4390E6F-B8F1-4C18-8EE7-D09A52EBC601}.NET40_EF4|Any CPU.Build.0 = NET40_EF4|Any CPU
		{B4390E6F-B8F1-4C18-8EE7-D09A52EBC601}.NET40_EF4|Mixed Platforms.ActiveCfg = NET40_EF4|Any CPU
		{B4390E6F-B8F1-4C18-8EE7-D09A52EBC601}.NET40_EF4|Mixed Platforms.Build.0 = NET40_EF4|Any CPU
		{B4390E6F-B8F1-4C18-8EE7-D09A52EBC601}.NET40_EF4|x86.ActiveCfg = NET40_EF4|Any CPU
		{B4390E6F-B8F1-4C18-8EE7-D09A52EBC601}.NET40_EF5.0.0|Any CPU.ActiveCfg = NET40_EF5|Any CPU
		{B4390E6F-B8F1-4C18-8EE7-D09A52EBC601}.NET40_EF5.0.0|Any CPU.Build.0 = NET40_EF5|Any CPU
		{B4390E6F-B8F1-4C18-8EE7-D09A52EBC601}.NET40_EF5.0.0|Mixed Platforms.ActiveCfg = NET40_EF5|Any CPU
		{B4390E6F-B8F1-4C18-8EE7-D09A52EBC601}.NET40_EF5.0.0|Mixed Platforms.Build.0 = NET40_EF5|Any CPU
		{B4390E6F-B8F1-4C18-8EE7-D09A52EBC601}.NET40_EF5.0.0|x86.ActiveCfg = NET40_EF5|Any CPU
		{B4390E6F-B8F1-4C18-8EE7-D09A52EBC601}.NET40_EF5|Any CPU.ActiveCfg = NET40_EF5|Any CPU
		{B4390E6F-B8F1-4C18-8EE7-D09A52EBC601}.NET40_EF5|Any CPU.Build.0 = NET40_EF5|Any CPU
		{B4390E6F-B8F1-4C18-8EE7-D09A52EBC601}.NET40_EF5|Mixed Platforms.ActiveCfg = NET40_EF5|Any CPU
		{B4390E6F-B8F1-4C18-8EE7-D09A52EBC601}.NET40_EF5|Mixed Platforms.Build.0 = NET40_EF5|Any CPU
		{B4390E6F-B8F1-4C18-8EE7-D09A52EBC601}.NET40_EF5|x86.ActiveCfg = NET40_EF5|Any CPU
		{B4390E6F-B8F1-4C18-8EE7-D09A52EBC601}.NET40_EF6.0.0|Any CPU.ActiveCfg = NET40_EF6|Any CPU
		{B4390E6F-B8F1-4C18-8EE7-D09A52EBC601}.NET40_EF6.0.0|Any CPU.Build.0 = NET40_EF6|Any CPU
		{B4390E6F-B8F1-4C18-8EE7-D09A52EBC601}.NET40_EF6.0.0|Mixed Platforms.ActiveCfg = NET40_EF6|Any CPU
		{B4390E6F-B8F1-4C18-8EE7-D09A52EBC601}.NET40_EF6.0.0|Mixed Platforms.Build.0 = NET40_EF6|Any CPU
		{B4390E6F-B8F1-4C18-8EE7-D09A52EBC601}.NET40_EF6.0.0|x86.ActiveCfg = NET40_EF6|Any CPU
		{B4390E6F-B8F1-4C18-8EE7-D09A52EBC601}.NET40_EF6.0.1|Any CPU.ActiveCfg = NET40_EF6|Any CPU
		{B4390E6F-B8F1-4C18-8EE7-D09A52EBC601}.NET40_EF6.0.1|Any CPU.Build.0 = NET40_EF6|Any CPU
		{B4390E6F-B8F1-4C18-8EE7-D09A52EBC601}.NET40_EF6.0.1|Mixed Platforms.ActiveCfg = NET40_EF6|Any CPU
		{B4390E6F-B8F1-4C18-8EE7-D09A52EBC601}.NET40_EF6.0.1|Mixed Platforms.Build.0 = NET40_EF6|Any CPU
		{B4390E6F-B8F1-4C18-8EE7-D09A52EBC601}.NET40_EF6.0.1|x86.ActiveCfg = NET40_EF6|Any CPU
		{B4390E6F-B8F1-4C18-8EE7-D09A52EBC601}.NET40_EF6.0.2|Any CPU.ActiveCfg = NET40_EF6|Any CPU
		{B4390E6F-B8F1-4C18-8EE7-D09A52EBC601}.NET40_EF6.0.2|Any CPU.Build.0 = NET40_EF6|Any CPU
		{B4390E6F-B8F1-4C18-8EE7-D09A52EBC601}.NET40_EF6.0.2|Mixed Platforms.ActiveCfg = NET40_EF6|Any CPU
		{B4390E6F-B8F1-4C18-8EE7-D09A52EBC601}.NET40_EF6.0.2|Mixed Platforms.Build.0 = NET40_EF6|Any CPU
		{B4390E6F-B8F1-4C18-8EE7-D09A52EBC601}.NET40_EF6.0.2|x86.ActiveCfg = NET40_EF6|Any CPU
		{B4390E6F-B8F1-4C18-8EE7-D09A52EBC601}.NET40_EF6.1.0|Any CPU.ActiveCfg = NET40_EF6|Any CPU
		{B4390E6F-B8F1-4C18-8EE7-D09A52EBC601}.NET40_EF6.1.0|Any CPU.Build.0 = NET40_EF6|Any CPU
		{B4390E6F-B8F1-4C18-8EE7-D09A52EBC601}.NET40_EF6.1.0|Mixed Platforms.ActiveCfg = NET40_EF6|Any CPU
		{B4390E6F-B8F1-4C18-8EE7-D09A52EBC601}.NET40_EF6.1.0|Mixed Platforms.Build.0 = NET40_EF6|Any CPU
		{B4390E6F-B8F1-4C18-8EE7-D09A52EBC601}.NET40_EF6.1.0|x86.ActiveCfg = NET40_EF6|Any CPU
		{B4390E6F-B8F1-4C18-8EE7-D09A52EBC601}.NET40_EF6.1.1|Any CPU.ActiveCfg = NET40_EF6|Any CPU
		{B4390E6F-B8F1-4C18-8EE7-D09A52EBC601}.NET40_EF6.1.1|Any CPU.Build.0 = NET40_EF6|Any CPU
		{B4390E6F-B8F1-4C18-8EE7-D09A52EBC601}.NET40_EF6.1.1|Mixed Platforms.ActiveCfg = NET40_EF6|Any CPU
		{B4390E6F-B8F1-4C18-8EE7-D09A52EBC601}.NET40_EF6.1.1|Mixed Platforms.Build.0 = NET40_EF6|Any CPU
		{B4390E6F-B8F1-4C18-8EE7-D09A52EBC601}.NET40_EF6.1.1|x86.ActiveCfg = NET40_EF6|Any CPU
		{B4390E6F-B8F1-4C18-8EE7-D09A52EBC601}.NET40_EF6|Any CPU.ActiveCfg = NET40_EF6|Any CPU
		{B4390E6F-B8F1-4C18-8EE7-D09A52EBC601}.NET40_EF6|Any CPU.Build.0 = NET40_EF6|Any CPU
		{B4390E6F-B8F1-4C18-8EE7-D09A52EBC601}.NET40_EF6|Mixed Platforms.ActiveCfg = NET40_EF6|Any CPU
		{B4390E6F-B8F1-4C18-8EE7-D09A52EBC601}.NET40_EF6|Mixed Platforms.Build.0 = NET40_EF6|Any CPU
		{B4390E6F-B8F1-4C18-8EE7-D09A52EBC601}.NET40_EF6|x86.ActiveCfg = NET40_EF6|Any CPU
		{B4390E6F-B8F1-4C18-8EE7-D09A52EBC601}.Release|Any CPU.ActiveCfg = Release|Any CPU
		{B4390E6F-B8F1-4C18-8EE7-D09A52EBC601}.Release|Any CPU.Build.0 = Release|Any CPU
		{B4390E6F-B8F1-4C18-8EE7-D09A52EBC601}.Release|Mixed Platforms.ActiveCfg = Release|Any CPU
		{B4390E6F-B8F1-4C18-8EE7-D09A52EBC601}.Release|Mixed Platforms.Build.0 = Release|Any CPU
		{B4390E6F-B8F1-4C18-8EE7-D09A52EBC601}.Release|x86.ActiveCfg = Release|Any CPU
		{508268D2-B377-4762-9E0F-4F633F81CDC4}.Debug|Any CPU.ActiveCfg = Debug|Any CPU
		{508268D2-B377-4762-9E0F-4F633F81CDC4}.Debug|Any CPU.Build.0 = Debug|Any CPU
		{508268D2-B377-4762-9E0F-4F633F81CDC4}.Debug|Mixed Platforms.ActiveCfg = Debug|Any CPU
		{508268D2-B377-4762-9E0F-4F633F81CDC4}.Debug|Mixed Platforms.Build.0 = Debug|Any CPU
		{508268D2-B377-4762-9E0F-4F633F81CDC4}.Debug|x86.ActiveCfg = Debug|Any CPU
		{508268D2-B377-4762-9E0F-4F633F81CDC4}.NET40_EF4.1.10311|Any CPU.ActiveCfg = Release|Any CPU
		{508268D2-B377-4762-9E0F-4F633F81CDC4}.NET40_EF4.1.10311|Any CPU.Build.0 = Release|Any CPU
		{508268D2-B377-4762-9E0F-4F633F81CDC4}.NET40_EF4.1.10311|Mixed Platforms.ActiveCfg = Release|Any CPU
		{508268D2-B377-4762-9E0F-4F633F81CDC4}.NET40_EF4.1.10311|Mixed Platforms.Build.0 = Release|Any CPU
		{508268D2-B377-4762-9E0F-4F633F81CDC4}.NET40_EF4.1.10311|x86.ActiveCfg = Release|Any CPU
		{508268D2-B377-4762-9E0F-4F633F81CDC4}.NET40_EF4.1.10331|Any CPU.ActiveCfg = Release|Any CPU
		{508268D2-B377-4762-9E0F-4F633F81CDC4}.NET40_EF4.1.10331|Any CPU.Build.0 = Release|Any CPU
		{508268D2-B377-4762-9E0F-4F633F81CDC4}.NET40_EF4.1.10331|Mixed Platforms.ActiveCfg = Release|Any CPU
		{508268D2-B377-4762-9E0F-4F633F81CDC4}.NET40_EF4.1.10331|Mixed Platforms.Build.0 = Release|Any CPU
		{508268D2-B377-4762-9E0F-4F633F81CDC4}.NET40_EF4.1.10331|x86.ActiveCfg = Release|Any CPU
		{508268D2-B377-4762-9E0F-4F633F81CDC4}.NET40_EF4.1.10715|Any CPU.ActiveCfg = Release|Any CPU
		{508268D2-B377-4762-9E0F-4F633F81CDC4}.NET40_EF4.1.10715|Any CPU.Build.0 = Release|Any CPU
		{508268D2-B377-4762-9E0F-4F633F81CDC4}.NET40_EF4.1.10715|Mixed Platforms.ActiveCfg = Release|Any CPU
		{508268D2-B377-4762-9E0F-4F633F81CDC4}.NET40_EF4.1.10715|Mixed Platforms.Build.0 = Release|Any CPU
		{508268D2-B377-4762-9E0F-4F633F81CDC4}.NET40_EF4.1.10715|x86.ActiveCfg = Release|Any CPU
		{508268D2-B377-4762-9E0F-4F633F81CDC4}.NET40_EF4.2.0|Any CPU.ActiveCfg = Release|Any CPU
		{508268D2-B377-4762-9E0F-4F633F81CDC4}.NET40_EF4.2.0|Any CPU.Build.0 = Release|Any CPU
		{508268D2-B377-4762-9E0F-4F633F81CDC4}.NET40_EF4.2.0|Mixed Platforms.ActiveCfg = Release|Any CPU
		{508268D2-B377-4762-9E0F-4F633F81CDC4}.NET40_EF4.2.0|Mixed Platforms.Build.0 = Release|Any CPU
		{508268D2-B377-4762-9E0F-4F633F81CDC4}.NET40_EF4.2.0|x86.ActiveCfg = Release|Any CPU
		{508268D2-B377-4762-9E0F-4F633F81CDC4}.NET40_EF4.3.0|Any CPU.ActiveCfg = Release|Any CPU
		{508268D2-B377-4762-9E0F-4F633F81CDC4}.NET40_EF4.3.0|Any CPU.Build.0 = Release|Any CPU
		{508268D2-B377-4762-9E0F-4F633F81CDC4}.NET40_EF4.3.0|Mixed Platforms.ActiveCfg = Release|Any CPU
		{508268D2-B377-4762-9E0F-4F633F81CDC4}.NET40_EF4.3.0|Mixed Platforms.Build.0 = Release|Any CPU
		{508268D2-B377-4762-9E0F-4F633F81CDC4}.NET40_EF4.3.0|x86.ActiveCfg = Release|Any CPU
		{508268D2-B377-4762-9E0F-4F633F81CDC4}.NET40_EF4.3.1|Any CPU.ActiveCfg = Release|Any CPU
		{508268D2-B377-4762-9E0F-4F633F81CDC4}.NET40_EF4.3.1|Any CPU.Build.0 = Release|Any CPU
		{508268D2-B377-4762-9E0F-4F633F81CDC4}.NET40_EF4.3.1|Mixed Platforms.ActiveCfg = Release|Any CPU
		{508268D2-B377-4762-9E0F-4F633F81CDC4}.NET40_EF4.3.1|Mixed Platforms.Build.0 = Release|Any CPU
		{508268D2-B377-4762-9E0F-4F633F81CDC4}.NET40_EF4.3.1|x86.ActiveCfg = Release|Any CPU
		{508268D2-B377-4762-9E0F-4F633F81CDC4}.NET40_EF4|Any CPU.ActiveCfg = Release|Any CPU
		{508268D2-B377-4762-9E0F-4F633F81CDC4}.NET40_EF4|Any CPU.Build.0 = Release|Any CPU
		{508268D2-B377-4762-9E0F-4F633F81CDC4}.NET40_EF4|Mixed Platforms.ActiveCfg = Release|Any CPU
		{508268D2-B377-4762-9E0F-4F633F81CDC4}.NET40_EF4|Mixed Platforms.Build.0 = Release|Any CPU
		{508268D2-B377-4762-9E0F-4F633F81CDC4}.NET40_EF4|x86.ActiveCfg = Release|Any CPU
		{508268D2-B377-4762-9E0F-4F633F81CDC4}.NET40_EF5.0.0|Any CPU.ActiveCfg = Release|Any CPU
		{508268D2-B377-4762-9E0F-4F633F81CDC4}.NET40_EF5.0.0|Any CPU.Build.0 = Release|Any CPU
		{508268D2-B377-4762-9E0F-4F633F81CDC4}.NET40_EF5.0.0|Mixed Platforms.ActiveCfg = Release|Any CPU
		{508268D2-B377-4762-9E0F-4F633F81CDC4}.NET40_EF5.0.0|Mixed Platforms.Build.0 = Release|Any CPU
		{508268D2-B377-4762-9E0F-4F633F81CDC4}.NET40_EF5.0.0|x86.ActiveCfg = Release|Any CPU
		{508268D2-B377-4762-9E0F-4F633F81CDC4}.NET40_EF5|Any CPU.ActiveCfg = Release|Any CPU
		{508268D2-B377-4762-9E0F-4F633F81CDC4}.NET40_EF5|Any CPU.Build.0 = Release|Any CPU
		{508268D2-B377-4762-9E0F-4F633F81CDC4}.NET40_EF5|Mixed Platforms.ActiveCfg = Release|Any CPU
		{508268D2-B377-4762-9E0F-4F633F81CDC4}.NET40_EF5|Mixed Platforms.Build.0 = Release|Any CPU
		{508268D2-B377-4762-9E0F-4F633F81CDC4}.NET40_EF5|x86.ActiveCfg = Release|Any CPU
		{508268D2-B377-4762-9E0F-4F633F81CDC4}.NET40_EF6.0.0|Any CPU.ActiveCfg = Release|Any CPU
		{508268D2-B377-4762-9E0F-4F633F81CDC4}.NET40_EF6.0.0|Any CPU.Build.0 = Release|Any CPU
		{508268D2-B377-4762-9E0F-4F633F81CDC4}.NET40_EF6.0.0|Mixed Platforms.ActiveCfg = Release|Any CPU
		{508268D2-B377-4762-9E0F-4F633F81CDC4}.NET40_EF6.0.0|Mixed Platforms.Build.0 = Release|Any CPU
		{508268D2-B377-4762-9E0F-4F633F81CDC4}.NET40_EF6.0.0|x86.ActiveCfg = Release|Any CPU
		{508268D2-B377-4762-9E0F-4F633F81CDC4}.NET40_EF6.0.1|Any CPU.ActiveCfg = Release|Any CPU
		{508268D2-B377-4762-9E0F-4F633F81CDC4}.NET40_EF6.0.1|Any CPU.Build.0 = Release|Any CPU
		{508268D2-B377-4762-9E0F-4F633F81CDC4}.NET40_EF6.0.1|Mixed Platforms.ActiveCfg = Release|Any CPU
		{508268D2-B377-4762-9E0F-4F633F81CDC4}.NET40_EF6.0.1|Mixed Platforms.Build.0 = Release|Any CPU
		{508268D2-B377-4762-9E0F-4F633F81CDC4}.NET40_EF6.0.1|x86.ActiveCfg = Release|Any CPU
		{508268D2-B377-4762-9E0F-4F633F81CDC4}.NET40_EF6.0.2|Any CPU.ActiveCfg = Release|Any CPU
		{508268D2-B377-4762-9E0F-4F633F81CDC4}.NET40_EF6.0.2|Any CPU.Build.0 = Release|Any CPU
		{508268D2-B377-4762-9E0F-4F633F81CDC4}.NET40_EF6.0.2|Mixed Platforms.ActiveCfg = Release|Any CPU
		{508268D2-B377-4762-9E0F-4F633F81CDC4}.NET40_EF6.0.2|Mixed Platforms.Build.0 = Release|Any CPU
		{508268D2-B377-4762-9E0F-4F633F81CDC4}.NET40_EF6.0.2|x86.ActiveCfg = Release|Any CPU
		{508268D2-B377-4762-9E0F-4F633F81CDC4}.NET40_EF6.1.0|Any CPU.ActiveCfg = Release|Any CPU
		{508268D2-B377-4762-9E0F-4F633F81CDC4}.NET40_EF6.1.0|Any CPU.Build.0 = Release|Any CPU
		{508268D2-B377-4762-9E0F-4F633F81CDC4}.NET40_EF6.1.0|Mixed Platforms.ActiveCfg = Release|Any CPU
		{508268D2-B377-4762-9E0F-4F633F81CDC4}.NET40_EF6.1.0|Mixed Platforms.Build.0 = Release|Any CPU
		{508268D2-B377-4762-9E0F-4F633F81CDC4}.NET40_EF6.1.0|x86.ActiveCfg = Release|Any CPU
		{508268D2-B377-4762-9E0F-4F633F81CDC4}.NET40_EF6.1.1|Any CPU.ActiveCfg = Release|Any CPU
		{508268D2-B377-4762-9E0F-4F633F81CDC4}.NET40_EF6.1.1|Any CPU.Build.0 = Release|Any CPU
		{508268D2-B377-4762-9E0F-4F633F81CDC4}.NET40_EF6.1.1|Mixed Platforms.ActiveCfg = Release|Any CPU
		{508268D2-B377-4762-9E0F-4F633F81CDC4}.NET40_EF6.1.1|Mixed Platforms.Build.0 = Release|Any CPU
		{508268D2-B377-4762-9E0F-4F633F81CDC4}.NET40_EF6.1.1|x86.ActiveCfg = Release|Any CPU
		{508268D2-B377-4762-9E0F-4F633F81CDC4}.NET40_EF6|Any CPU.ActiveCfg = Release|Any CPU
		{508268D2-B377-4762-9E0F-4F633F81CDC4}.NET40_EF6|Any CPU.Build.0 = Release|Any CPU
		{508268D2-B377-4762-9E0F-4F633F81CDC4}.NET40_EF6|Mixed Platforms.ActiveCfg = Release|Any CPU
		{508268D2-B377-4762-9E0F-4F633F81CDC4}.NET40_EF6|Mixed Platforms.Build.0 = Release|Any CPU
		{508268D2-B377-4762-9E0F-4F633F81CDC4}.NET40_EF6|x86.ActiveCfg = Release|Any CPU
		{508268D2-B377-4762-9E0F-4F633F81CDC4}.Release|Any CPU.ActiveCfg = Release|Any CPU
		{508268D2-B377-4762-9E0F-4F633F81CDC4}.Release|Any CPU.Build.0 = Release|Any CPU
		{508268D2-B377-4762-9E0F-4F633F81CDC4}.Release|Mixed Platforms.ActiveCfg = Release|Any CPU
		{508268D2-B377-4762-9E0F-4F633F81CDC4}.Release|Mixed Platforms.Build.0 = Release|Any CPU
		{508268D2-B377-4762-9E0F-4F633F81CDC4}.Release|x86.ActiveCfg = Release|Any CPU
		{4BC8A417-94F7-4760-8CD4-F9451266233F}.Debug|Any CPU.ActiveCfg = Debug|Any CPU
		{4BC8A417-94F7-4760-8CD4-F9451266233F}.Debug|Any CPU.Build.0 = Debug|Any CPU
		{4BC8A417-94F7-4760-8CD4-F9451266233F}.Debug|Mixed Platforms.ActiveCfg = Debug|Any CPU
		{4BC8A417-94F7-4760-8CD4-F9451266233F}.Debug|Mixed Platforms.Build.0 = Debug|Any CPU
		{4BC8A417-94F7-4760-8CD4-F9451266233F}.Debug|x86.ActiveCfg = Debug|Any CPU
		{4BC8A417-94F7-4760-8CD4-F9451266233F}.NET40_EF4.1.10311|Any CPU.ActiveCfg = Release|Any CPU
		{4BC8A417-94F7-4760-8CD4-F9451266233F}.NET40_EF4.1.10311|Any CPU.Build.0 = Release|Any CPU
		{4BC8A417-94F7-4760-8CD4-F9451266233F}.NET40_EF4.1.10311|Mixed Platforms.ActiveCfg = Release|Any CPU
		{4BC8A417-94F7-4760-8CD4-F9451266233F}.NET40_EF4.1.10311|Mixed Platforms.Build.0 = Release|Any CPU
		{4BC8A417-94F7-4760-8CD4-F9451266233F}.NET40_EF4.1.10311|x86.ActiveCfg = Release|Any CPU
		{4BC8A417-94F7-4760-8CD4-F9451266233F}.NET40_EF4.1.10331|Any CPU.ActiveCfg = Release|Any CPU
		{4BC8A417-94F7-4760-8CD4-F9451266233F}.NET40_EF4.1.10331|Any CPU.Build.0 = Release|Any CPU
		{4BC8A417-94F7-4760-8CD4-F9451266233F}.NET40_EF4.1.10331|Mixed Platforms.ActiveCfg = Release|Any CPU
		{4BC8A417-94F7-4760-8CD4-F9451266233F}.NET40_EF4.1.10331|Mixed Platforms.Build.0 = Release|Any CPU
		{4BC8A417-94F7-4760-8CD4-F9451266233F}.NET40_EF4.1.10331|x86.ActiveCfg = Release|Any CPU
		{4BC8A417-94F7-4760-8CD4-F9451266233F}.NET40_EF4.1.10715|Any CPU.ActiveCfg = Release|Any CPU
		{4BC8A417-94F7-4760-8CD4-F9451266233F}.NET40_EF4.1.10715|Any CPU.Build.0 = Release|Any CPU
		{4BC8A417-94F7-4760-8CD4-F9451266233F}.NET40_EF4.1.10715|Mixed Platforms.ActiveCfg = Release|Any CPU
		{4BC8A417-94F7-4760-8CD4-F9451266233F}.NET40_EF4.1.10715|Mixed Platforms.Build.0 = Release|Any CPU
		{4BC8A417-94F7-4760-8CD4-F9451266233F}.NET40_EF4.1.10715|x86.ActiveCfg = Release|Any CPU
		{4BC8A417-94F7-4760-8CD4-F9451266233F}.NET40_EF4.2.0|Any CPU.ActiveCfg = Release|Any CPU
		{4BC8A417-94F7-4760-8CD4-F9451266233F}.NET40_EF4.2.0|Any CPU.Build.0 = Release|Any CPU
		{4BC8A417-94F7-4760-8CD4-F9451266233F}.NET40_EF4.2.0|Mixed Platforms.ActiveCfg = Release|Any CPU
		{4BC8A417-94F7-4760-8CD4-F9451266233F}.NET40_EF4.2.0|Mixed Platforms.Build.0 = Release|Any CPU
		{4BC8A417-94F7-4760-8CD4-F9451266233F}.NET40_EF4.2.0|x86.ActiveCfg = Release|Any CPU
		{4BC8A417-94F7-4760-8CD4-F9451266233F}.NET40_EF4.3.0|Any CPU.ActiveCfg = Release|Any CPU
		{4BC8A417-94F7-4760-8CD4-F9451266233F}.NET40_EF4.3.0|Any CPU.Build.0 = Release|Any CPU
		{4BC8A417-94F7-4760-8CD4-F9451266233F}.NET40_EF4.3.0|Mixed Platforms.ActiveCfg = Release|Any CPU
		{4BC8A417-94F7-4760-8CD4-F9451266233F}.NET40_EF4.3.0|Mixed Platforms.Build.0 = Release|Any CPU
		{4BC8A417-94F7-4760-8CD4-F9451266233F}.NET40_EF4.3.0|x86.ActiveCfg = Release|Any CPU
		{4BC8A417-94F7-4760-8CD4-F9451266233F}.NET40_EF4.3.1|Any CPU.ActiveCfg = Release|Any CPU
		{4BC8A417-94F7-4760-8CD4-F9451266233F}.NET40_EF4.3.1|Any CPU.Build.0 = Release|Any CPU
		{4BC8A417-94F7-4760-8CD4-F9451266233F}.NET40_EF4.3.1|Mixed Platforms.ActiveCfg = Release|Any CPU
		{4BC8A417-94F7-4760-8CD4-F9451266233F}.NET40_EF4.3.1|Mixed Platforms.Build.0 = Release|Any CPU
		{4BC8A417-94F7-4760-8CD4-F9451266233F}.NET40_EF4.3.1|x86.ActiveCfg = Release|Any CPU
		{4BC8A417-94F7-4760-8CD4-F9451266233F}.NET40_EF4|Any CPU.ActiveCfg = Release|Any CPU
		{4BC8A417-94F7-4760-8CD4-F9451266233F}.NET40_EF4|Any CPU.Build.0 = Release|Any CPU
		{4BC8A417-94F7-4760-8CD4-F9451266233F}.NET40_EF4|Mixed Platforms.ActiveCfg = Release|Any CPU
		{4BC8A417-94F7-4760-8CD4-F9451266233F}.NET40_EF4|Mixed Platforms.Build.0 = Release|Any CPU
		{4BC8A417-94F7-4760-8CD4-F9451266233F}.NET40_EF4|x86.ActiveCfg = Release|Any CPU
		{4BC8A417-94F7-4760-8CD4-F9451266233F}.NET40_EF5.0.0|Any CPU.ActiveCfg = Release|Any CPU
		{4BC8A417-94F7-4760-8CD4-F9451266233F}.NET40_EF5.0.0|Any CPU.Build.0 = Release|Any CPU
		{4BC8A417-94F7-4760-8CD4-F9451266233F}.NET40_EF5.0.0|Mixed Platforms.ActiveCfg = Release|Any CPU
		{4BC8A417-94F7-4760-8CD4-F9451266233F}.NET40_EF5.0.0|Mixed Platforms.Build.0 = Release|Any CPU
		{4BC8A417-94F7-4760-8CD4-F9451266233F}.NET40_EF5.0.0|x86.ActiveCfg = Release|Any CPU
		{4BC8A417-94F7-4760-8CD4-F9451266233F}.NET40_EF5|Any CPU.ActiveCfg = Release|Any CPU
		{4BC8A417-94F7-4760-8CD4-F9451266233F}.NET40_EF5|Any CPU.Build.0 = Release|Any CPU
		{4BC8A417-94F7-4760-8CD4-F9451266233F}.NET40_EF5|Mixed Platforms.ActiveCfg = Release|Any CPU
		{4BC8A417-94F7-4760-8CD4-F9451266233F}.NET40_EF5|Mixed Platforms.Build.0 = Release|Any CPU
		{4BC8A417-94F7-4760-8CD4-F9451266233F}.NET40_EF5|x86.ActiveCfg = Release|Any CPU
		{4BC8A417-94F7-4760-8CD4-F9451266233F}.NET40_EF6.0.0|Any CPU.ActiveCfg = Release|Any CPU
		{4BC8A417-94F7-4760-8CD4-F9451266233F}.NET40_EF6.0.0|Any CPU.Build.0 = Release|Any CPU
		{4BC8A417-94F7-4760-8CD4-F9451266233F}.NET40_EF6.0.0|Mixed Platforms.ActiveCfg = Release|Any CPU
		{4BC8A417-94F7-4760-8CD4-F9451266233F}.NET40_EF6.0.0|Mixed Platforms.Build.0 = Release|Any CPU
		{4BC8A417-94F7-4760-8CD4-F9451266233F}.NET40_EF6.0.0|x86.ActiveCfg = Release|Any CPU
		{4BC8A417-94F7-4760-8CD4-F9451266233F}.NET40_EF6.0.1|Any CPU.ActiveCfg = Release|Any CPU
		{4BC8A417-94F7-4760-8CD4-F9451266233F}.NET40_EF6.0.1|Any CPU.Build.0 = Release|Any CPU
		{4BC8A417-94F7-4760-8CD4-F9451266233F}.NET40_EF6.0.1|Mixed Platforms.ActiveCfg = Release|Any CPU
		{4BC8A417-94F7-4760-8CD4-F9451266233F}.NET40_EF6.0.1|Mixed Platforms.Build.0 = Release|Any CPU
		{4BC8A417-94F7-4760-8CD4-F9451266233F}.NET40_EF6.0.1|x86.ActiveCfg = Release|Any CPU
		{4BC8A417-94F7-4760-8CD4-F9451266233F}.NET40_EF6.0.2|Any CPU.ActiveCfg = Release|Any CPU
		{4BC8A417-94F7-4760-8CD4-F9451266233F}.NET40_EF6.0.2|Any CPU.Build.0 = Release|Any CPU
		{4BC8A417-94F7-4760-8CD4-F9451266233F}.NET40_EF6.0.2|Mixed Platforms.ActiveCfg = Release|Any CPU
		{4BC8A417-94F7-4760-8CD4-F9451266233F}.NET40_EF6.0.2|Mixed Platforms.Build.0 = Release|Any CPU
		{4BC8A417-94F7-4760-8CD4-F9451266233F}.NET40_EF6.0.2|x86.ActiveCfg = Release|Any CPU
		{4BC8A417-94F7-4760-8CD4-F9451266233F}.NET40_EF6.1.0|Any CPU.ActiveCfg = Release|Any CPU
		{4BC8A417-94F7-4760-8CD4-F9451266233F}.NET40_EF6.1.0|Any CPU.Build.0 = Release|Any CPU
		{4BC8A417-94F7-4760-8CD4-F9451266233F}.NET40_EF6.1.0|Mixed Platforms.ActiveCfg = Release|Any CPU
		{4BC8A417-94F7-4760-8CD4-F9451266233F}.NET40_EF6.1.0|Mixed Platforms.Build.0 = Release|Any CPU
		{4BC8A417-94F7-4760-8CD4-F9451266233F}.NET40_EF6.1.0|x86.ActiveCfg = Release|Any CPU
		{4BC8A417-94F7-4760-8CD4-F9451266233F}.NET40_EF6.1.1|Any CPU.ActiveCfg = Release|Any CPU
		{4BC8A417-94F7-4760-8CD4-F9451266233F}.NET40_EF6.1.1|Any CPU.Build.0 = Release|Any CPU
		{4BC8A417-94F7-4760-8CD4-F9451266233F}.NET40_EF6.1.1|Mixed Platforms.ActiveCfg = Release|Any CPU
		{4BC8A417-94F7-4760-8CD4-F9451266233F}.NET40_EF6.1.1|Mixed Platforms.Build.0 = Release|Any CPU
		{4BC8A417-94F7-4760-8CD4-F9451266233F}.NET40_EF6.1.1|x86.ActiveCfg = Release|Any CPU
		{4BC8A417-94F7-4760-8CD4-F9451266233F}.NET40_EF6|Any CPU.ActiveCfg = Release|Any CPU
		{4BC8A417-94F7-4760-8CD4-F9451266233F}.NET40_EF6|Any CPU.Build.0 = Release|Any CPU
		{4BC8A417-94F7-4760-8CD4-F9451266233F}.NET40_EF6|Mixed Platforms.ActiveCfg = Release|Any CPU
		{4BC8A417-94F7-4760-8CD4-F9451266233F}.NET40_EF6|Mixed Platforms.Build.0 = Release|Any CPU
		{4BC8A417-94F7-4760-8CD4-F9451266233F}.NET40_EF6|x86.ActiveCfg = Release|Any CPU
		{4BC8A417-94F7-4760-8CD4-F9451266233F}.Release|Any CPU.ActiveCfg = Release|Any CPU
		{4BC8A417-94F7-4760-8CD4-F9451266233F}.Release|Any CPU.Build.0 = Release|Any CPU
		{4BC8A417-94F7-4760-8CD4-F9451266233F}.Release|Mixed Platforms.ActiveCfg = Release|Any CPU
		{4BC8A417-94F7-4760-8CD4-F9451266233F}.Release|Mixed Platforms.Build.0 = Release|Any CPU
		{4BC8A417-94F7-4760-8CD4-F9451266233F}.Release|x86.ActiveCfg = Release|Any CPU
		{0B28C301-E85C-4F26-8061-7BC76D4E620E}.Debug|Any CPU.ActiveCfg = Debug|Any CPU
		{0B28C301-E85C-4F26-8061-7BC76D4E620E}.Debug|Any CPU.Build.0 = Debug|Any CPU
		{0B28C301-E85C-4F26-8061-7BC76D4E620E}.Debug|Mixed Platforms.ActiveCfg = Debug|Any CPU
		{0B28C301-E85C-4F26-8061-7BC76D4E620E}.Debug|Mixed Platforms.Build.0 = Debug|Any CPU
		{0B28C301-E85C-4F26-8061-7BC76D4E620E}.Debug|x86.ActiveCfg = Debug|Any CPU
		{0B28C301-E85C-4F26-8061-7BC76D4E620E}.Debug|x86.Build.0 = Debug|Any CPU
		{0B28C301-E85C-4F26-8061-7BC76D4E620E}.NET40_EF4.1.10311|Any CPU.ActiveCfg = Release|Any CPU
		{0B28C301-E85C-4F26-8061-7BC76D4E620E}.NET40_EF4.1.10311|Any CPU.Build.0 = Release|Any CPU
		{0B28C301-E85C-4F26-8061-7BC76D4E620E}.NET40_EF4.1.10311|Mixed Platforms.ActiveCfg = Release|Any CPU
		{0B28C301-E85C-4F26-8061-7BC76D4E620E}.NET40_EF4.1.10311|Mixed Platforms.Build.0 = Release|Any CPU
		{0B28C301-E85C-4F26-8061-7BC76D4E620E}.NET40_EF4.1.10311|x86.ActiveCfg = Release|Any CPU
		{0B28C301-E85C-4F26-8061-7BC76D4E620E}.NET40_EF4.1.10311|x86.Build.0 = Release|Any CPU
		{0B28C301-E85C-4F26-8061-7BC76D4E620E}.NET40_EF4.1.10331|Any CPU.ActiveCfg = Release|Any CPU
		{0B28C301-E85C-4F26-8061-7BC76D4E620E}.NET40_EF4.1.10331|Any CPU.Build.0 = Release|Any CPU
		{0B28C301-E85C-4F26-8061-7BC76D4E620E}.NET40_EF4.1.10331|Mixed Platforms.ActiveCfg = Release|Any CPU
		{0B28C301-E85C-4F26-8061-7BC76D4E620E}.NET40_EF4.1.10331|Mixed Platforms.Build.0 = Release|Any CPU
		{0B28C301-E85C-4F26-8061-7BC76D4E620E}.NET40_EF4.1.10331|x86.ActiveCfg = Release|Any CPU
		{0B28C301-E85C-4F26-8061-7BC76D4E620E}.NET40_EF4.1.10331|x86.Build.0 = Release|Any CPU
		{0B28C301-E85C-4F26-8061-7BC76D4E620E}.NET40_EF4.1.10715|Any CPU.ActiveCfg = Release|Any CPU
		{0B28C301-E85C-4F26-8061-7BC76D4E620E}.NET40_EF4.1.10715|Any CPU.Build.0 = Release|Any CPU
		{0B28C301-E85C-4F26-8061-7BC76D4E620E}.NET40_EF4.1.10715|Mixed Platforms.ActiveCfg = Release|Any CPU
		{0B28C301-E85C-4F26-8061-7BC76D4E620E}.NET40_EF4.1.10715|Mixed Platforms.Build.0 = Release|Any CPU
		{0B28C301-E85C-4F26-8061-7BC76D4E620E}.NET40_EF4.1.10715|x86.ActiveCfg = Release|Any CPU
		{0B28C301-E85C-4F26-8061-7BC76D4E620E}.NET40_EF4.1.10715|x86.Build.0 = Release|Any CPU
		{0B28C301-E85C-4F26-8061-7BC76D4E620E}.NET40_EF4.2.0|Any CPU.ActiveCfg = Release|Any CPU
		{0B28C301-E85C-4F26-8061-7BC76D4E620E}.NET40_EF4.2.0|Any CPU.Build.0 = Release|Any CPU
		{0B28C301-E85C-4F26-8061-7BC76D4E620E}.NET40_EF4.2.0|Mixed Platforms.ActiveCfg = Release|Any CPU
		{0B28C301-E85C-4F26-8061-7BC76D4E620E}.NET40_EF4.2.0|Mixed Platforms.Build.0 = Release|Any CPU
		{0B28C301-E85C-4F26-8061-7BC76D4E620E}.NET40_EF4.2.0|x86.ActiveCfg = Release|Any CPU
		{0B28C301-E85C-4F26-8061-7BC76D4E620E}.NET40_EF4.2.0|x86.Build.0 = Release|Any CPU
		{0B28C301-E85C-4F26-8061-7BC76D4E620E}.NET40_EF4.3.0|Any CPU.ActiveCfg = Release|Any CPU
		{0B28C301-E85C-4F26-8061-7BC76D4E620E}.NET40_EF4.3.0|Any CPU.Build.0 = Release|Any CPU
		{0B28C301-E85C-4F26-8061-7BC76D4E620E}.NET40_EF4.3.0|Mixed Platforms.ActiveCfg = Release|Any CPU
		{0B28C301-E85C-4F26-8061-7BC76D4E620E}.NET40_EF4.3.0|Mixed Platforms.Build.0 = Release|Any CPU
		{0B28C301-E85C-4F26-8061-7BC76D4E620E}.NET40_EF4.3.0|x86.ActiveCfg = Release|Any CPU
		{0B28C301-E85C-4F26-8061-7BC76D4E620E}.NET40_EF4.3.0|x86.Build.0 = Release|Any CPU
		{0B28C301-E85C-4F26-8061-7BC76D4E620E}.NET40_EF4.3.1|Any CPU.ActiveCfg = Release|Any CPU
		{0B28C301-E85C-4F26-8061-7BC76D4E620E}.NET40_EF4.3.1|Any CPU.Build.0 = Release|Any CPU
		{0B28C301-E85C-4F26-8061-7BC76D4E620E}.NET40_EF4.3.1|Mixed Platforms.ActiveCfg = Release|Any CPU
		{0B28C301-E85C-4F26-8061-7BC76D4E620E}.NET40_EF4.3.1|Mixed Platforms.Build.0 = Release|Any CPU
		{0B28C301-E85C-4F26-8061-7BC76D4E620E}.NET40_EF4.3.1|x86.ActiveCfg = Release|Any CPU
		{0B28C301-E85C-4F26-8061-7BC76D4E620E}.NET40_EF4.3.1|x86.Build.0 = Release|Any CPU
		{0B28C301-E85C-4F26-8061-7BC76D4E620E}.NET40_EF4|Any CPU.ActiveCfg = Release|Any CPU
		{0B28C301-E85C-4F26-8061-7BC76D4E620E}.NET40_EF4|Any CPU.Build.0 = Release|Any CPU
		{0B28C301-E85C-4F26-8061-7BC76D4E620E}.NET40_EF4|Mixed Platforms.ActiveCfg = Release|Any CPU
		{0B28C301-E85C-4F26-8061-7BC76D4E620E}.NET40_EF4|Mixed Platforms.Build.0 = Release|Any CPU
		{0B28C301-E85C-4F26-8061-7BC76D4E620E}.NET40_EF4|x86.ActiveCfg = Release|Any CPU
		{0B28C301-E85C-4F26-8061-7BC76D4E620E}.NET40_EF4|x86.Build.0 = Release|Any CPU
		{0B28C301-E85C-4F26-8061-7BC76D4E620E}.NET40_EF5.0.0|Any CPU.ActiveCfg = Release|Any CPU
		{0B28C301-E85C-4F26-8061-7BC76D4E620E}.NET40_EF5.0.0|Any CPU.Build.0 = Release|Any CPU
		{0B28C301-E85C-4F26-8061-7BC76D4E620E}.NET40_EF5.0.0|Mixed Platforms.ActiveCfg = Release|Any CPU
		{0B28C301-E85C-4F26-8061-7BC76D4E620E}.NET40_EF5.0.0|Mixed Platforms.Build.0 = Release|Any CPU
		{0B28C301-E85C-4F26-8061-7BC76D4E620E}.NET40_EF5.0.0|x86.ActiveCfg = Release|Any CPU
		{0B28C301-E85C-4F26-8061-7BC76D4E620E}.NET40_EF5.0.0|x86.Build.0 = Release|Any CPU
		{0B28C301-E85C-4F26-8061-7BC76D4E620E}.NET40_EF5|Any CPU.ActiveCfg = Release|Any CPU
		{0B28C301-E85C-4F26-8061-7BC76D4E620E}.NET40_EF5|Any CPU.Build.0 = Release|Any CPU
		{0B28C301-E85C-4F26-8061-7BC76D4E620E}.NET40_EF5|Mixed Platforms.ActiveCfg = Release|Any CPU
		{0B28C301-E85C-4F26-8061-7BC76D4E620E}.NET40_EF5|Mixed Platforms.Build.0 = Release|Any CPU
		{0B28C301-E85C-4F26-8061-7BC76D4E620E}.NET40_EF5|x86.ActiveCfg = Release|Any CPU
		{0B28C301-E85C-4F26-8061-7BC76D4E620E}.NET40_EF5|x86.Build.0 = Release|Any CPU
		{0B28C301-E85C-4F26-8061-7BC76D4E620E}.NET40_EF6.0.0|Any CPU.ActiveCfg = Release|Any CPU
		{0B28C301-E85C-4F26-8061-7BC76D4E620E}.NET40_EF6.0.0|Any CPU.Build.0 = Release|Any CPU
		{0B28C301-E85C-4F26-8061-7BC76D4E620E}.NET40_EF6.0.0|Mixed Platforms.ActiveCfg = Release|Any CPU
		{0B28C301-E85C-4F26-8061-7BC76D4E620E}.NET40_EF6.0.0|Mixed Platforms.Build.0 = Release|Any CPU
		{0B28C301-E85C-4F26-8061-7BC76D4E620E}.NET40_EF6.0.0|x86.ActiveCfg = Release|Any CPU
		{0B28C301-E85C-4F26-8061-7BC76D4E620E}.NET40_EF6.0.0|x86.Build.0 = Release|Any CPU
		{0B28C301-E85C-4F26-8061-7BC76D4E620E}.NET40_EF6.0.1|Any CPU.ActiveCfg = Release|Any CPU
		{0B28C301-E85C-4F26-8061-7BC76D4E620E}.NET40_EF6.0.1|Any CPU.Build.0 = Release|Any CPU
		{0B28C301-E85C-4F26-8061-7BC76D4E620E}.NET40_EF6.0.1|Mixed Platforms.ActiveCfg = Release|Any CPU
		{0B28C301-E85C-4F26-8061-7BC76D4E620E}.NET40_EF6.0.1|Mixed Platforms.Build.0 = Release|Any CPU
		{0B28C301-E85C-4F26-8061-7BC76D4E620E}.NET40_EF6.0.1|x86.ActiveCfg = Release|Any CPU
		{0B28C301-E85C-4F26-8061-7BC76D4E620E}.NET40_EF6.0.1|x86.Build.0 = Release|Any CPU
		{0B28C301-E85C-4F26-8061-7BC76D4E620E}.NET40_EF6.0.2|Any CPU.ActiveCfg = Release|Any CPU
		{0B28C301-E85C-4F26-8061-7BC76D4E620E}.NET40_EF6.0.2|Any CPU.Build.0 = Release|Any CPU
		{0B28C301-E85C-4F26-8061-7BC76D4E620E}.NET40_EF6.0.2|Mixed Platforms.ActiveCfg = Release|Any CPU
		{0B28C301-E85C-4F26-8061-7BC76D4E620E}.NET40_EF6.0.2|Mixed Platforms.Build.0 = Release|Any CPU
		{0B28C301-E85C-4F26-8061-7BC76D4E620E}.NET40_EF6.0.2|x86.ActiveCfg = Release|Any CPU
		{0B28C301-E85C-4F26-8061-7BC76D4E620E}.NET40_EF6.0.2|x86.Build.0 = Release|Any CPU
		{0B28C301-E85C-4F26-8061-7BC76D4E620E}.NET40_EF6.1.0|Any CPU.ActiveCfg = Release|Any CPU
		{0B28C301-E85C-4F26-8061-7BC76D4E620E}.NET40_EF6.1.0|Any CPU.Build.0 = Release|Any CPU
		{0B28C301-E85C-4F26-8061-7BC76D4E620E}.NET40_EF6.1.0|Mixed Platforms.ActiveCfg = Release|Any CPU
		{0B28C301-E85C-4F26-8061-7BC76D4E620E}.NET40_EF6.1.0|Mixed Platforms.Build.0 = Release|Any CPU
		{0B28C301-E85C-4F26-8061-7BC76D4E620E}.NET40_EF6.1.0|x86.ActiveCfg = Release|Any CPU
		{0B28C301-E85C-4F26-8061-7BC76D4E620E}.NET40_EF6.1.0|x86.Build.0 = Release|Any CPU
		{0B28C301-E85C-4F26-8061-7BC76D4E620E}.NET40_EF6.1.1|Any CPU.ActiveCfg = Release|Any CPU
		{0B28C301-E85C-4F26-8061-7BC76D4E620E}.NET40_EF6.1.1|Any CPU.Build.0 = Release|Any CPU
		{0B28C301-E85C-4F26-8061-7BC76D4E620E}.NET40_EF6.1.1|Mixed Platforms.ActiveCfg = Release|Any CPU
		{0B28C301-E85C-4F26-8061-7BC76D4E620E}.NET40_EF6.1.1|Mixed Platforms.Build.0 = Release|Any CPU
		{0B28C301-E85C-4F26-8061-7BC76D4E620E}.NET40_EF6.1.1|x86.ActiveCfg = Release|Any CPU
		{0B28C301-E85C-4F26-8061-7BC76D4E620E}.NET40_EF6.1.1|x86.Build.0 = Release|Any CPU
		{0B28C301-E85C-4F26-8061-7BC76D4E620E}.NET40_EF6|Any CPU.ActiveCfg = Release|Any CPU
		{0B28C301-E85C-4F26-8061-7BC76D4E620E}.NET40_EF6|Any CPU.Build.0 = Release|Any CPU
		{0B28C301-E85C-4F26-8061-7BC76D4E620E}.NET40_EF6|Mixed Platforms.ActiveCfg = Release|Any CPU
		{0B28C301-E85C-4F26-8061-7BC76D4E620E}.NET40_EF6|Mixed Platforms.Build.0 = Release|Any CPU
		{0B28C301-E85C-4F26-8061-7BC76D4E620E}.NET40_EF6|x86.ActiveCfg = Release|Any CPU
		{0B28C301-E85C-4F26-8061-7BC76D4E620E}.NET40_EF6|x86.Build.0 = Release|Any CPU
		{0B28C301-E85C-4F26-8061-7BC76D4E620E}.Release|Any CPU.ActiveCfg = Release|Any CPU
		{0B28C301-E85C-4F26-8061-7BC76D4E620E}.Release|Any CPU.Build.0 = Release|Any CPU
		{0B28C301-E85C-4F26-8061-7BC76D4E620E}.Release|Mixed Platforms.ActiveCfg = Release|Any CPU
		{0B28C301-E85C-4F26-8061-7BC76D4E620E}.Release|Mixed Platforms.Build.0 = Release|Any CPU
		{0B28C301-E85C-4F26-8061-7BC76D4E620E}.Release|x86.ActiveCfg = Release|Any CPU
		{0B28C301-E85C-4F26-8061-7BC76D4E620E}.Release|x86.Build.0 = Release|Any CPU
		{A902CAF5-66A1-4F5B-BA1B-8512203D51CA}.Debug|Any CPU.ActiveCfg = Debug|Any CPU
		{A902CAF5-66A1-4F5B-BA1B-8512203D51CA}.Debug|Any CPU.Build.0 = Debug|Any CPU
		{A902CAF5-66A1-4F5B-BA1B-8512203D51CA}.Debug|Mixed Platforms.ActiveCfg = Debug|Any CPU
		{A902CAF5-66A1-4F5B-BA1B-8512203D51CA}.Debug|Mixed Platforms.Build.0 = Debug|Any CPU
		{A902CAF5-66A1-4F5B-BA1B-8512203D51CA}.Debug|x86.ActiveCfg = Debug|Any CPU
		{A902CAF5-66A1-4F5B-BA1B-8512203D51CA}.Debug|x86.Build.0 = Debug|Any CPU
		{A902CAF5-66A1-4F5B-BA1B-8512203D51CA}.NET40_EF4.1.10311|Any CPU.ActiveCfg = Release|Any CPU
		{A902CAF5-66A1-4F5B-BA1B-8512203D51CA}.NET40_EF4.1.10311|Any CPU.Build.0 = Release|Any CPU
		{A902CAF5-66A1-4F5B-BA1B-8512203D51CA}.NET40_EF4.1.10311|Mixed Platforms.ActiveCfg = Release|Any CPU
		{A902CAF5-66A1-4F5B-BA1B-8512203D51CA}.NET40_EF4.1.10311|Mixed Platforms.Build.0 = Release|Any CPU
		{A902CAF5-66A1-4F5B-BA1B-8512203D51CA}.NET40_EF4.1.10311|x86.ActiveCfg = Release|Any CPU
		{A902CAF5-66A1-4F5B-BA1B-8512203D51CA}.NET40_EF4.1.10311|x86.Build.0 = Release|Any CPU
		{A902CAF5-66A1-4F5B-BA1B-8512203D51CA}.NET40_EF4.1.10331|Any CPU.ActiveCfg = Release|Any CPU
		{A902CAF5-66A1-4F5B-BA1B-8512203D51CA}.NET40_EF4.1.10331|Any CPU.Build.0 = Release|Any CPU
		{A902CAF5-66A1-4F5B-BA1B-8512203D51CA}.NET40_EF4.1.10331|Mixed Platforms.ActiveCfg = Release|Any CPU
		{A902CAF5-66A1-4F5B-BA1B-8512203D51CA}.NET40_EF4.1.10331|Mixed Platforms.Build.0 = Release|Any CPU
		{A902CAF5-66A1-4F5B-BA1B-8512203D51CA}.NET40_EF4.1.10331|x86.ActiveCfg = Release|Any CPU
		{A902CAF5-66A1-4F5B-BA1B-8512203D51CA}.NET40_EF4.1.10331|x86.Build.0 = Release|Any CPU
		{A902CAF5-66A1-4F5B-BA1B-8512203D51CA}.NET40_EF4.1.10715|Any CPU.ActiveCfg = Release|Any CPU
		{A902CAF5-66A1-4F5B-BA1B-8512203D51CA}.NET40_EF4.1.10715|Any CPU.Build.0 = Release|Any CPU
		{A902CAF5-66A1-4F5B-BA1B-8512203D51CA}.NET40_EF4.1.10715|Mixed Platforms.ActiveCfg = Release|Any CPU
		{A902CAF5-66A1-4F5B-BA1B-8512203D51CA}.NET40_EF4.1.10715|Mixed Platforms.Build.0 = Release|Any CPU
		{A902CAF5-66A1-4F5B-BA1B-8512203D51CA}.NET40_EF4.1.10715|x86.ActiveCfg = Release|Any CPU
		{A902CAF5-66A1-4F5B-BA1B-8512203D51CA}.NET40_EF4.1.10715|x86.Build.0 = Release|Any CPU
		{A902CAF5-66A1-4F5B-BA1B-8512203D51CA}.NET40_EF4.2.0|Any CPU.ActiveCfg = Release|Any CPU
		{A902CAF5-66A1-4F5B-BA1B-8512203D51CA}.NET40_EF4.2.0|Any CPU.Build.0 = Release|Any CPU
		{A902CAF5-66A1-4F5B-BA1B-8512203D51CA}.NET40_EF4.2.0|Mixed Platforms.ActiveCfg = Release|Any CPU
		{A902CAF5-66A1-4F5B-BA1B-8512203D51CA}.NET40_EF4.2.0|Mixed Platforms.Build.0 = Release|Any CPU
		{A902CAF5-66A1-4F5B-BA1B-8512203D51CA}.NET40_EF4.2.0|x86.ActiveCfg = Release|Any CPU
		{A902CAF5-66A1-4F5B-BA1B-8512203D51CA}.NET40_EF4.2.0|x86.Build.0 = Release|Any CPU
		{A902CAF5-66A1-4F5B-BA1B-8512203D51CA}.NET40_EF4.3.0|Any CPU.ActiveCfg = Release|Any CPU
		{A902CAF5-66A1-4F5B-BA1B-8512203D51CA}.NET40_EF4.3.0|Any CPU.Build.0 = Release|Any CPU
		{A902CAF5-66A1-4F5B-BA1B-8512203D51CA}.NET40_EF4.3.0|Mixed Platforms.ActiveCfg = Release|Any CPU
		{A902CAF5-66A1-4F5B-BA1B-8512203D51CA}.NET40_EF4.3.0|Mixed Platforms.Build.0 = Release|Any CPU
		{A902CAF5-66A1-4F5B-BA1B-8512203D51CA}.NET40_EF4.3.0|x86.ActiveCfg = Release|Any CPU
		{A902CAF5-66A1-4F5B-BA1B-8512203D51CA}.NET40_EF4.3.0|x86.Build.0 = Release|Any CPU
		{A902CAF5-66A1-4F5B-BA1B-8512203D51CA}.NET40_EF4.3.1|Any CPU.ActiveCfg = Release|Any CPU
		{A902CAF5-66A1-4F5B-BA1B-8512203D51CA}.NET40_EF4.3.1|Any CPU.Build.0 = Release|Any CPU
		{A902CAF5-66A1-4F5B-BA1B-8512203D51CA}.NET40_EF4.3.1|Mixed Platforms.ActiveCfg = Release|Any CPU
		{A902CAF5-66A1-4F5B-BA1B-8512203D51CA}.NET40_EF4.3.1|Mixed Platforms.Build.0 = Release|Any CPU
		{A902CAF5-66A1-4F5B-BA1B-8512203D51CA}.NET40_EF4.3.1|x86.ActiveCfg = Release|Any CPU
		{A902CAF5-66A1-4F5B-BA1B-8512203D51CA}.NET40_EF4.3.1|x86.Build.0 = Release|Any CPU
		{A902CAF5-66A1-4F5B-BA1B-8512203D51CA}.NET40_EF4|Any CPU.ActiveCfg = Release|Any CPU
		{A902CAF5-66A1-4F5B-BA1B-8512203D51CA}.NET40_EF4|Any CPU.Build.0 = Release|Any CPU
		{A902CAF5-66A1-4F5B-BA1B-8512203D51CA}.NET40_EF4|Mixed Platforms.ActiveCfg = Release|Any CPU
		{A902CAF5-66A1-4F5B-BA1B-8512203D51CA}.NET40_EF4|Mixed Platforms.Build.0 = Release|Any CPU
		{A902CAF5-66A1-4F5B-BA1B-8512203D51CA}.NET40_EF4|x86.ActiveCfg = Release|Any CPU
		{A902CAF5-66A1-4F5B-BA1B-8512203D51CA}.NET40_EF4|x86.Build.0 = Release|Any CPU
		{A902CAF5-66A1-4F5B-BA1B-8512203D51CA}.NET40_EF5.0.0|Any CPU.ActiveCfg = Release|Any CPU
		{A902CAF5-66A1-4F5B-BA1B-8512203D51CA}.NET40_EF5.0.0|Any CPU.Build.0 = Release|Any CPU
		{A902CAF5-66A1-4F5B-BA1B-8512203D51CA}.NET40_EF5.0.0|Mixed Platforms.ActiveCfg = Release|Any CPU
		{A902CAF5-66A1-4F5B-BA1B-8512203D51CA}.NET40_EF5.0.0|Mixed Platforms.Build.0 = Release|Any CPU
		{A902CAF5-66A1-4F5B-BA1B-8512203D51CA}.NET40_EF5.0.0|x86.ActiveCfg = Release|Any CPU
		{A902CAF5-66A1-4F5B-BA1B-8512203D51CA}.NET40_EF5.0.0|x86.Build.0 = Release|Any CPU
		{A902CAF5-66A1-4F5B-BA1B-8512203D51CA}.NET40_EF5|Any CPU.ActiveCfg = Release|Any CPU
		{A902CAF5-66A1-4F5B-BA1B-8512203D51CA}.NET40_EF5|Any CPU.Build.0 = Release|Any CPU
		{A902CAF5-66A1-4F5B-BA1B-8512203D51CA}.NET40_EF5|Mixed Platforms.ActiveCfg = Release|Any CPU
		{A902CAF5-66A1-4F5B-BA1B-8512203D51CA}.NET40_EF5|Mixed Platforms.Build.0 = Release|Any CPU
		{A902CAF5-66A1-4F5B-BA1B-8512203D51CA}.NET40_EF5|x86.ActiveCfg = Release|Any CPU
		{A902CAF5-66A1-4F5B-BA1B-8512203D51CA}.NET40_EF5|x86.Build.0 = Release|Any CPU
		{A902CAF5-66A1-4F5B-BA1B-8512203D51CA}.NET40_EF6.0.0|Any CPU.ActiveCfg = Release|Any CPU
		{A902CAF5-66A1-4F5B-BA1B-8512203D51CA}.NET40_EF6.0.0|Any CPU.Build.0 = Release|Any CPU
		{A902CAF5-66A1-4F5B-BA1B-8512203D51CA}.NET40_EF6.0.0|Mixed Platforms.ActiveCfg = Release|Any CPU
		{A902CAF5-66A1-4F5B-BA1B-8512203D51CA}.NET40_EF6.0.0|Mixed Platforms.Build.0 = Release|Any CPU
		{A902CAF5-66A1-4F5B-BA1B-8512203D51CA}.NET40_EF6.0.0|x86.ActiveCfg = Release|Any CPU
		{A902CAF5-66A1-4F5B-BA1B-8512203D51CA}.NET40_EF6.0.0|x86.Build.0 = Release|Any CPU
		{A902CAF5-66A1-4F5B-BA1B-8512203D51CA}.NET40_EF6.0.1|Any CPU.ActiveCfg = Release|Any CPU
		{A902CAF5-66A1-4F5B-BA1B-8512203D51CA}.NET40_EF6.0.1|Any CPU.Build.0 = Release|Any CPU
		{A902CAF5-66A1-4F5B-BA1B-8512203D51CA}.NET40_EF6.0.1|Mixed Platforms.ActiveCfg = Release|Any CPU
		{A902CAF5-66A1-4F5B-BA1B-8512203D51CA}.NET40_EF6.0.1|Mixed Platforms.Build.0 = Release|Any CPU
		{A902CAF5-66A1-4F5B-BA1B-8512203D51CA}.NET40_EF6.0.1|x86.ActiveCfg = Release|Any CPU
		{A902CAF5-66A1-4F5B-BA1B-8512203D51CA}.NET40_EF6.0.1|x86.Build.0 = Release|Any CPU
		{A902CAF5-66A1-4F5B-BA1B-8512203D51CA}.NET40_EF6.0.2|Any CPU.ActiveCfg = Release|Any CPU
		{A902CAF5-66A1-4F5B-BA1B-8512203D51CA}.NET40_EF6.0.2|Any CPU.Build.0 = Release|Any CPU
		{A902CAF5-66A1-4F5B-BA1B-8512203D51CA}.NET40_EF6.0.2|Mixed Platforms.ActiveCfg = Release|Any CPU
		{A902CAF5-66A1-4F5B-BA1B-8512203D51CA}.NET40_EF6.0.2|Mixed Platforms.Build.0 = Release|Any CPU
		{A902CAF5-66A1-4F5B-BA1B-8512203D51CA}.NET40_EF6.0.2|x86.ActiveCfg = Release|Any CPU
		{A902CAF5-66A1-4F5B-BA1B-8512203D51CA}.NET40_EF6.0.2|x86.Build.0 = Release|Any CPU
		{A902CAF5-66A1-4F5B-BA1B-8512203D51CA}.NET40_EF6.1.0|Any CPU.ActiveCfg = Release|Any CPU
		{A902CAF5-66A1-4F5B-BA1B-8512203D51CA}.NET40_EF6.1.0|Any CPU.Build.0 = Release|Any CPU
		{A902CAF5-66A1-4F5B-BA1B-8512203D51CA}.NET40_EF6.1.0|Mixed Platforms.ActiveCfg = Release|Any CPU
		{A902CAF5-66A1-4F5B-BA1B-8512203D51CA}.NET40_EF6.1.0|Mixed Platforms.Build.0 = Release|Any CPU
		{A902CAF5-66A1-4F5B-BA1B-8512203D51CA}.NET40_EF6.1.0|x86.ActiveCfg = Release|Any CPU
		{A902CAF5-66A1-4F5B-BA1B-8512203D51CA}.NET40_EF6.1.0|x86.Build.0 = Release|Any CPU
		{A902CAF5-66A1-4F5B-BA1B-8512203D51CA}.NET40_EF6.1.1|Any CPU.ActiveCfg = Release|Any CPU
		{A902CAF5-66A1-4F5B-BA1B-8512203D51CA}.NET40_EF6.1.1|Any CPU.Build.0 = Release|Any CPU
		{A902CAF5-66A1-4F5B-BA1B-8512203D51CA}.NET40_EF6.1.1|Mixed Platforms.ActiveCfg = Release|Any CPU
		{A902CAF5-66A1-4F5B-BA1B-8512203D51CA}.NET40_EF6.1.1|Mixed Platforms.Build.0 = Release|Any CPU
		{A902CAF5-66A1-4F5B-BA1B-8512203D51CA}.NET40_EF6.1.1|x86.ActiveCfg = Release|Any CPU
		{A902CAF5-66A1-4F5B-BA1B-8512203D51CA}.NET40_EF6.1.1|x86.Build.0 = Release|Any CPU
		{A902CAF5-66A1-4F5B-BA1B-8512203D51CA}.NET40_EF6|Any CPU.ActiveCfg = Release|Any CPU
		{A902CAF5-66A1-4F5B-BA1B-8512203D51CA}.NET40_EF6|Any CPU.Build.0 = Release|Any CPU
		{A902CAF5-66A1-4F5B-BA1B-8512203D51CA}.NET40_EF6|Mixed Platforms.ActiveCfg = Release|Any CPU
		{A902CAF5-66A1-4F5B-BA1B-8512203D51CA}.NET40_EF6|Mixed Platforms.Build.0 = Release|Any CPU
		{A902CAF5-66A1-4F5B-BA1B-8512203D51CA}.NET40_EF6|x86.ActiveCfg = Release|Any CPU
		{A902CAF5-66A1-4F5B-BA1B-8512203D51CA}.NET40_EF6|x86.Build.0 = Release|Any CPU
		{A902CAF5-66A1-4F5B-BA1B-8512203D51CA}.Release|Any CPU.ActiveCfg = Release|Any CPU
		{A902CAF5-66A1-4F5B-BA1B-8512203D51CA}.Release|Any CPU.Build.0 = Release|Any CPU
		{A902CAF5-66A1-4F5B-BA1B-8512203D51CA}.Release|Mixed Platforms.ActiveCfg = Release|Any CPU
		{A902CAF5-66A1-4F5B-BA1B-8512203D51CA}.Release|Mixed Platforms.Build.0 = Release|Any CPU
		{A902CAF5-66A1-4F5B-BA1B-8512203D51CA}.Release|x86.ActiveCfg = Release|Any CPU
		{A902CAF5-66A1-4F5B-BA1B-8512203D51CA}.Release|x86.Build.0 = Release|Any CPU
	EndGlobalSection
	GlobalSection(SolutionProperties) = preSolution
		HideSolutionNode = FALSE
	EndGlobalSection
	GlobalSection(NestedProjects) = preSolution
		{609BE91A-F11B-49BC-98D9-F7C83517A59E} = {C3DC5465-C8EA-4BAE-97CA-57C41B113884}
		{B4390E6F-B8F1-4C18-8EE7-D09A52EBC601} = {C3DC5465-C8EA-4BAE-97CA-57C41B113884}
	EndGlobalSection
	GlobalSection(ExtensibilityGlobals) = postSolution
		SolutionGuid = {D08E1375-DF4C-480E-8427-B96CD4CAD9AC}
	EndGlobalSection
	GlobalSection(SubversionScc) = preSolution
		Svn-Managed = True
		Manager = AnkhSVN - Subversion Support for Visual Studio
	EndGlobalSection
EndGlobal
